// !$*UTF8*$!
{
	archiveVersion = 1;
	classes = {
	};
	objectVersion = 51;
	objects = {

/* Begin PBXBuildFile section */
		DA123E6D2579097D003CC7DC /* StartUpController.swift in Sources */ = {isa = PBXBuildFile; fileRef = DA123E6C2579097D003CC7DC /* StartUpController.swift */; };
		DA123E70257909FE003CC7DC /* StartUpAssembly.swift in Sources */ = {isa = PBXBuildFile; fileRef = DA123E6F257909FE003CC7DC /* StartUpAssembly.swift */; };
		DA123E7C25792C27003CC7DC /* DashboardAssembly.swift in Sources */ = {isa = PBXBuildFile; fileRef = DA123E7325792C27003CC7DC /* DashboardAssembly.swift */; };
		DA123E7D25792C27003CC7DC /* DashboardLayout.swift in Sources */ = {isa = PBXBuildFile; fileRef = DA123E7525792C27003CC7DC /* DashboardLayout.swift */; };
		DA123E7E25792C27003CC7DC /* DashboardViewController.swift in Sources */ = {isa = PBXBuildFile; fileRef = DA123E7625792C27003CC7DC /* DashboardViewController.swift */; };
		DA123E7F25792C27003CC7DC /* DashboardController.swift in Sources */ = {isa = PBXBuildFile; fileRef = DA123E7825792C27003CC7DC /* DashboardController.swift */; };
		DA123E8025792C27003CC7DC /* DashboardView.swift in Sources */ = {isa = PBXBuildFile; fileRef = DA123E7A25792C27003CC7DC /* DashboardView.swift */; };
		DA123E8125792C27003CC7DC /* DashboardPresenter.swift in Sources */ = {isa = PBXBuildFile; fileRef = DA123E7B25792C27003CC7DC /* DashboardPresenter.swift */; };
		DA123E8325792D3C003CC7DC /* DashboardLauncherController.swift in Sources */ = {isa = PBXBuildFile; fileRef = DA123E8225792D3B003CC7DC /* DashboardLauncherController.swift */; };
		DA123E87257A590C003CC7DC /* OnboardingPersistancyAssembly.swift in Sources */ = {isa = PBXBuildFile; fileRef = DA123E86257A590C003CC7DC /* OnboardingPersistancyAssembly.swift */; };
		DA123E8D257A6165003CC7DC /* CredentialsKeychainResource.swift in Sources */ = {isa = PBXBuildFile; fileRef = DA123E8C257A6165003CC7DC /* CredentialsKeychainResource.swift */; };
		DA123E90257A649D003CC7DC /* CredintalsKeychainService.swift in Sources */ = {isa = PBXBuildFile; fileRef = DA123E8F257A649D003CC7DC /* CredintalsKeychainService.swift */; };
		DA123E92257A6797003CC7DC /* LoadCredentialsKeychainInteractorImpl.swift in Sources */ = {isa = PBXBuildFile; fileRef = DA123E91257A6797003CC7DC /* LoadCredentialsKeychainInteractorImpl.swift */; };
		DA123E94257A67AC003CC7DC /* StoreCredentialsKeychainInteractorImpl.swift in Sources */ = {isa = PBXBuildFile; fileRef = DA123E93257A67AC003CC7DC /* StoreCredentialsKeychainInteractorImpl.swift */; };
		DA123E96257A6AD7003CC7DC /* LoadCredintalsKeychainFacade.swift in Sources */ = {isa = PBXBuildFile; fileRef = DA123E95257A6AD7003CC7DC /* LoadCredintalsKeychainFacade.swift */; };
		DA123E98257A6AE6003CC7DC /* StoreCredentialsKeychainFacade.swift in Sources */ = {isa = PBXBuildFile; fileRef = DA123E97257A6AE6003CC7DC /* StoreCredentialsKeychainFacade.swift */; };
		DA123E9A257A6FB0003CC7DC /* DeleteCredintalsKeychainInteractorImpl.swift in Sources */ = {isa = PBXBuildFile; fileRef = DA123E99257A6FB0003CC7DC /* DeleteCredintalsKeychainInteractorImpl.swift */; };
		DA123E9C257A7371003CC7DC /* DeleteCredintalsKeychainFacade.swift in Sources */ = {isa = PBXBuildFile; fileRef = DA123E9B257A7371003CC7DC /* DeleteCredintalsKeychainFacade.swift */; };
		DA123E9E257BF29A003CC7DC /* CredentialKeychainController.swift in Sources */ = {isa = PBXBuildFile; fileRef = DA123E9D257BF29A003CC7DC /* CredentialKeychainController.swift */; };
		DA123EA1257C0861003CC7DC /* KeychainAssembly.swift in Sources */ = {isa = PBXBuildFile; fileRef = DA123EA0257C0861003CC7DC /* KeychainAssembly.swift */; };
		DA123EAA257E66C1003CC7DC /* LogOutController.swift in Sources */ = {isa = PBXBuildFile; fileRef = DA123EA9257E66C1003CC7DC /* LogOutController.swift */; };
		DA123EAD257E6797003CC7DC /* LogOutAssembly.swift in Sources */ = {isa = PBXBuildFile; fileRef = DA123EAC257E6797003CC7DC /* LogOutAssembly.swift */; };
		DA123EB0257F9859003CC7DC /* LoginController.swift in Sources */ = {isa = PBXBuildFile; fileRef = DA123EAF257F9859003CC7DC /* LoginController.swift */; };
		DA123EB525810FBE003CC7DC /* StartUpControllerTests.swift in Sources */ = {isa = PBXBuildFile; fileRef = DA123EB425810FBE003CC7DC /* StartUpControllerTests.swift */; };
		DA123ECC258783A1003CC7DC /* LoginControllerTests.swift in Sources */ = {isa = PBXBuildFile; fileRef = DA123ECB258783A1003CC7DC /* LoginControllerTests.swift */; };
		DA123ECF258797E8003CC7DC /* LoginPresenterTests.swift in Sources */ = {isa = PBXBuildFile; fileRef = DA123ECE258797E8003CC7DC /* LoginPresenterTests.swift */; };
		DA123ED12587B660003CC7DC /* LoginBuilderTests.swift in Sources */ = {isa = PBXBuildFile; fileRef = DA123ED02587B660003CC7DC /* LoginBuilderTests.swift */; };
		DA123ED52587C1B8003CC7DC /* DashboardPresenterTests.swift in Sources */ = {isa = PBXBuildFile; fileRef = DA123ED42587C1B8003CC7DC /* DashboardPresenterTests.swift */; };
		DA123ED92588FF09003CC7DC /* LoginLauncherTests.swift in Sources */ = {isa = PBXBuildFile; fileRef = DA123ED82588FF09003CC7DC /* LoginLauncherTests.swift */; };
		DA123EDB2589014C003CC7DC /* DashboardLauncherTests.swift in Sources */ = {isa = PBXBuildFile; fileRef = DA123EDA2589014C003CC7DC /* DashboardLauncherTests.swift */; };
		DA37382D255567510003D164 /* AppDelegate.swift in Sources */ = {isa = PBXBuildFile; fileRef = DA37382C255567510003D164 /* AppDelegate.swift */; };
		DA37382F255567510003D164 /* SceneDelegate.swift in Sources */ = {isa = PBXBuildFile; fileRef = DA37382E255567510003D164 /* SceneDelegate.swift */; };
		DA373831255567510003D164 /* OnboardingViewController.swift in Sources */ = {isa = PBXBuildFile; fileRef = DA373830255567510003D164 /* OnboardingViewController.swift */; };
		DA373836255567570003D164 /* Assets.xcassets in Resources */ = {isa = PBXBuildFile; fileRef = DA373835255567570003D164 /* Assets.xcassets */; };
		DA373839255567570003D164 /* LaunchScreen.storyboard in Resources */ = {isa = PBXBuildFile; fileRef = DA373837255567570003D164 /* LaunchScreen.storyboard */; };
		DA595002256BD952000CE120 /* ActionStyle+UIAlertAction.style.swift in Sources */ = {isa = PBXBuildFile; fileRef = DA595001256BD952000CE120 /* ActionStyle+UIAlertAction.style.swift */; };
		DA59500B256C1463000CE120 /* OnobardingResource.swift in Sources */ = {isa = PBXBuildFile; fileRef = DA59500A256C1463000CE120 /* OnobardingResource.swift */; };
		DA59500D256D085E000CE120 /* OnboardingFinishedService.swift in Sources */ = {isa = PBXBuildFile; fileRef = DA59500C256D085E000CE120 /* OnboardingFinishedService.swift */; };
		DA59500F256D3AD0000CE120 /* LoadOnboardingFinishedInteractor.swift in Sources */ = {isa = PBXBuildFile; fileRef = DA59500E256D3AD0000CE120 /* LoadOnboardingFinishedInteractor.swift */; };
		DA595011256D3DE3000CE120 /* StoreOnboardingFinishedInteractor.swift in Sources */ = {isa = PBXBuildFile; fileRef = DA595010256D3DE3000CE120 /* StoreOnboardingFinishedInteractor.swift */; };
		DA595013256D4080000CE120 /* LoadOnboardingFinishedFacade.swift in Sources */ = {isa = PBXBuildFile; fileRef = DA595012256D4080000CE120 /* LoadOnboardingFinishedFacade.swift */; };
		DA595015256E5A95000CE120 /* StoreOnboardingFinishedFacade.swift in Sources */ = {isa = PBXBuildFile; fileRef = DA595014256E5A95000CE120 /* StoreOnboardingFinishedFacade.swift */; };
		DA595017256FD8E9000CE120 /* UIAlertAction+AlertAction.swift in Sources */ = {isa = PBXBuildFile; fileRef = DA595016256FD8E9000CE120 /* UIAlertAction+AlertAction.swift */; };
		DA9EFB5525617DB4007DF94E /* Wireframe.swift in Sources */ = {isa = PBXBuildFile; fileRef = DA9EFB5425617DB4007DF94E /* Wireframe.swift */; };
		DA9EFB5725617EEA007DF94E /* WireframeImpl.swift in Sources */ = {isa = PBXBuildFile; fileRef = DA9EFB5625617EEA007DF94E /* WireframeImpl.swift */; };
		DA9EFB5E2562884D007DF94E /* TestView.swift in Sources */ = {isa = PBXBuildFile; fileRef = DA9EFB5D2562884D007DF94E /* TestView.swift */; };
		DA9EFB6225628869007DF94E /* TestController.swift in Sources */ = {isa = PBXBuildFile; fileRef = DA9EFB6125628869007DF94E /* TestController.swift */; };
		DA9EFB662562ACB7007DF94E /* LoginViewController.swift in Sources */ = {isa = PBXBuildFile; fileRef = DA9EFB652562ACB7007DF94E /* LoginViewController.swift */; };
		DA9EFB682562AED0007DF94E /* LoginAssembly.swift in Sources */ = {isa = PBXBuildFile; fileRef = DA9EFB672562AED0007DF94E /* LoginAssembly.swift */; };
		DA9EFB6A2562AFBA007DF94E /* LoginPresenter.swift in Sources */ = {isa = PBXBuildFile; fileRef = DA9EFB692562AFBA007DF94E /* LoginPresenter.swift */; };
		DA9EFB6C2562B04E007DF94E /* LoginView.swift in Sources */ = {isa = PBXBuildFile; fileRef = DA9EFB6B2562B04E007DF94E /* LoginView.swift */; };
		DA9EFB6E2562B6E6007DF94E /* UIWindow+topViewController.swift in Sources */ = {isa = PBXBuildFile; fileRef = DA9EFB6D2562B6E6007DF94E /* UIWindow+topViewController.swift */; };
		DA9EFB702562BC61007DF94E /* LoginLayout.swift in Sources */ = {isa = PBXBuildFile; fileRef = DA9EFB6F2562BC61007DF94E /* LoginLayout.swift */; };
		DAA4032625667C37006DD914 /* LoginBuilder.swift in Sources */ = {isa = PBXBuildFile; fileRef = DAA4032525667C37006DD914 /* LoginBuilder.swift */; };
		DAA4032825667E02006DD914 /* LoginCredentials.swift in Sources */ = {isa = PBXBuildFile; fileRef = DAA4032725667E02006DD914 /* LoginCredentials.swift */; };
		DAA4032C25668904006DD914 /* String+.swift in Sources */ = {isa = PBXBuildFile; fileRef = DAA4032B25668904006DD914 /* String+.swift */; };
		DAA4033025669009006DD914 /* AlertProviderController.swift in Sources */ = {isa = PBXBuildFile; fileRef = DAA4032F25669009006DD914 /* AlertProviderController.swift */; };
		DAA4033325669242006DD914 /* AlertProviderAssembly.swift in Sources */ = {isa = PBXBuildFile; fileRef = DAA4033225669242006DD914 /* AlertProviderAssembly.swift */; };
		DAB928FB25559FDC00354C8F /* OnboardingPage.swift in Sources */ = {isa = PBXBuildFile; fileRef = DAB928FA25559FDC00354C8F /* OnboardingPage.swift */; };
		DAB928FD2555A13B00354C8F /* OnboardingController.swift in Sources */ = {isa = PBXBuildFile; fileRef = DAB928FC2555A13B00354C8F /* OnboardingController.swift */; };
		DAB929012555A87200354C8F /* ScopeSpec.swift in Sources */ = {isa = PBXBuildFile; fileRef = DAB929002555A87200354C8F /* ScopeSpec.swift */; };
		DAB929032555A88500354C8F /* ScopeSpecProvider.swift in Sources */ = {isa = PBXBuildFile; fileRef = DAB929022555A88500354C8F /* ScopeSpecProvider.swift */; };
		DAB929062555AC4E00354C8F /* OnboardingAssembly.swift in Sources */ = {isa = PBXBuildFile; fileRef = DAB929052555AC4E00354C8F /* OnboardingAssembly.swift */; };
		DAB929082559513A00354C8F /* OnboardingLayout.swift in Sources */ = {isa = PBXBuildFile; fileRef = DAB929072559513A00354C8F /* OnboardingLayout.swift */; };
		DAB9290A25595B9D00354C8F /* OnboardingPresenter.swift in Sources */ = {isa = PBXBuildFile; fileRef = DAB9290925595B9D00354C8F /* OnboardingPresenter.swift */; };
		DAB9290C25595C2000354C8F /* OnboardingView.swift in Sources */ = {isa = PBXBuildFile; fileRef = DAB9290B25595C2000354C8F /* OnboardingView.swift */; };
		DAB9291C2559622600354C8F /* OnboardingControllerTests.swift in Sources */ = {isa = PBXBuildFile; fileRef = DAB9291B2559622600354C8F /* OnboardingControllerTests.swift */; };
		DAB92920255AA95B00354C8F /* OnboardingCell.swift in Sources */ = {isa = PBXBuildFile; fileRef = DAB9291F255AA95B00354C8F /* OnboardingCell.swift */; };
		DAB92922255AC0C300354C8F /* OnboardingPageViewModel.swift in Sources */ = {isa = PBXBuildFile; fileRef = DAB92921255AC0C300354C8F /* OnboardingPageViewModel.swift */; };
		DAB9292E255ECE7200354C8F /* LoginLauncherController.swift in Sources */ = {isa = PBXBuildFile; fileRef = DAB9292D255ECE7200354C8F /* LoginLauncherController.swift */; };
		DAB92931255ECF2400354C8F /* NavigationAssembly.swift in Sources */ = {isa = PBXBuildFile; fileRef = DAB92930255ECF2400354C8F /* NavigationAssembly.swift */; };
		DAB92935255ED23700354C8F /* OnboardingPresenterTests.swift in Sources */ = {isa = PBXBuildFile; fileRef = DAB92934255ED23700354C8F /* OnboardingPresenterTests.swift */; };
		E928E103F1228086DD54BC39 /* Pods_GitHub_LearningTests.framework in Frameworks */ = {isa = PBXBuildFile; fileRef = 958307D4623D91FB6A85D094 /* Pods_GitHub_LearningTests.framework */; };
		F208FDC4F7D2731E652F8BD5 /* Pods_GitHub_Learning.framework in Frameworks */ = {isa = PBXBuildFile; fileRef = 7629A38C2E5C6CBF341BC957 /* Pods_GitHub_Learning.framework */; };
/* End PBXBuildFile section */

/* Begin PBXContainerItemProxy section */
		DAB929162559601100354C8F /* PBXContainerItemProxy */ = {
			isa = PBXContainerItemProxy;
			containerPortal = DA373821255567510003D164 /* Project object */;
			proxyType = 1;
			remoteGlobalIDString = DA373828255567510003D164;
			remoteInfo = GitHub_Learning;
		};
/* End PBXContainerItemProxy section */

/* Begin PBXFileReference section */
		1D6DDAA3F874A1328B663B91 /* Pods-GitHub_LearningTests.release.xcconfig */ = {isa = PBXFileReference; includeInIndex = 1; lastKnownFileType = text.xcconfig; name = "Pods-GitHub_LearningTests.release.xcconfig"; path = "Target Support Files/Pods-GitHub_LearningTests/Pods-GitHub_LearningTests.release.xcconfig"; sourceTree = "<group>"; };
		43EE5DE395A94177439DAD19 /* Pods-GitHub_Learning.debug.xcconfig */ = {isa = PBXFileReference; includeInIndex = 1; lastKnownFileType = text.xcconfig; name = "Pods-GitHub_Learning.debug.xcconfig"; path = "Target Support Files/Pods-GitHub_Learning/Pods-GitHub_Learning.debug.xcconfig"; sourceTree = "<group>"; };
		7629A38C2E5C6CBF341BC957 /* Pods_GitHub_Learning.framework */ = {isa = PBXFileReference; explicitFileType = wrapper.framework; includeInIndex = 0; path = Pods_GitHub_Learning.framework; sourceTree = BUILT_PRODUCTS_DIR; };
		92DFE6761B10F7EC28331518 /* Pods-GitHub_Learning.release.xcconfig */ = {isa = PBXFileReference; includeInIndex = 1; lastKnownFileType = text.xcconfig; name = "Pods-GitHub_Learning.release.xcconfig"; path = "Target Support Files/Pods-GitHub_Learning/Pods-GitHub_Learning.release.xcconfig"; sourceTree = "<group>"; };
		958307D4623D91FB6A85D094 /* Pods_GitHub_LearningTests.framework */ = {isa = PBXFileReference; explicitFileType = wrapper.framework; includeInIndex = 0; path = Pods_GitHub_LearningTests.framework; sourceTree = BUILT_PRODUCTS_DIR; };
		C76EEE5050A97A4B52CEC482 /* Pods-GitHub_LearningTests.debug.xcconfig */ = {isa = PBXFileReference; includeInIndex = 1; lastKnownFileType = text.xcconfig; name = "Pods-GitHub_LearningTests.debug.xcconfig"; path = "Target Support Files/Pods-GitHub_LearningTests/Pods-GitHub_LearningTests.debug.xcconfig"; sourceTree = "<group>"; };
		DA123E6C2579097D003CC7DC /* StartUpController.swift */ = {isa = PBXFileReference; lastKnownFileType = sourcecode.swift; path = StartUpController.swift; sourceTree = "<group>"; };
		DA123E6F257909FE003CC7DC /* StartUpAssembly.swift */ = {isa = PBXFileReference; lastKnownFileType = sourcecode.swift; path = StartUpAssembly.swift; sourceTree = "<group>"; };
		DA123E7325792C27003CC7DC /* DashboardAssembly.swift */ = {isa = PBXFileReference; fileEncoding = 4; lastKnownFileType = sourcecode.swift; path = DashboardAssembly.swift; sourceTree = "<group>"; };
		DA123E7525792C27003CC7DC /* DashboardLayout.swift */ = {isa = PBXFileReference; fileEncoding = 4; lastKnownFileType = sourcecode.swift; path = DashboardLayout.swift; sourceTree = "<group>"; };
		DA123E7625792C27003CC7DC /* DashboardViewController.swift */ = {isa = PBXFileReference; fileEncoding = 4; lastKnownFileType = sourcecode.swift; path = DashboardViewController.swift; sourceTree = "<group>"; };
		DA123E7825792C27003CC7DC /* DashboardController.swift */ = {isa = PBXFileReference; fileEncoding = 4; lastKnownFileType = sourcecode.swift; path = DashboardController.swift; sourceTree = "<group>"; };
		DA123E7A25792C27003CC7DC /* DashboardView.swift */ = {isa = PBXFileReference; fileEncoding = 4; lastKnownFileType = sourcecode.swift; path = DashboardView.swift; sourceTree = "<group>"; };
		DA123E7B25792C27003CC7DC /* DashboardPresenter.swift */ = {isa = PBXFileReference; fileEncoding = 4; lastKnownFileType = sourcecode.swift; path = DashboardPresenter.swift; sourceTree = "<group>"; };
		DA123E8225792D3B003CC7DC /* DashboardLauncherController.swift */ = {isa = PBXFileReference; fileEncoding = 4; lastKnownFileType = sourcecode.swift; path = DashboardLauncherController.swift; sourceTree = "<group>"; };
		DA123E86257A590C003CC7DC /* OnboardingPersistancyAssembly.swift */ = {isa = PBXFileReference; lastKnownFileType = sourcecode.swift; path = OnboardingPersistancyAssembly.swift; sourceTree = "<group>"; };
		DA123E8C257A6165003CC7DC /* CredentialsKeychainResource.swift */ = {isa = PBXFileReference; lastKnownFileType = sourcecode.swift; path = CredentialsKeychainResource.swift; sourceTree = "<group>"; };
		DA123E8F257A649D003CC7DC /* CredintalsKeychainService.swift */ = {isa = PBXFileReference; lastKnownFileType = sourcecode.swift; path = CredintalsKeychainService.swift; sourceTree = "<group>"; };
		DA123E91257A6797003CC7DC /* LoadCredentialsKeychainInteractorImpl.swift */ = {isa = PBXFileReference; lastKnownFileType = sourcecode.swift; path = LoadCredentialsKeychainInteractorImpl.swift; sourceTree = "<group>"; };
		DA123E93257A67AC003CC7DC /* StoreCredentialsKeychainInteractorImpl.swift */ = {isa = PBXFileReference; lastKnownFileType = sourcecode.swift; path = StoreCredentialsKeychainInteractorImpl.swift; sourceTree = "<group>"; };
		DA123E95257A6AD7003CC7DC /* LoadCredintalsKeychainFacade.swift */ = {isa = PBXFileReference; lastKnownFileType = sourcecode.swift; path = LoadCredintalsKeychainFacade.swift; sourceTree = "<group>"; };
		DA123E97257A6AE6003CC7DC /* StoreCredentialsKeychainFacade.swift */ = {isa = PBXFileReference; lastKnownFileType = sourcecode.swift; path = StoreCredentialsKeychainFacade.swift; sourceTree = "<group>"; };
		DA123E99257A6FB0003CC7DC /* DeleteCredintalsKeychainInteractorImpl.swift */ = {isa = PBXFileReference; lastKnownFileType = sourcecode.swift; path = DeleteCredintalsKeychainInteractorImpl.swift; sourceTree = "<group>"; };
		DA123E9B257A7371003CC7DC /* DeleteCredintalsKeychainFacade.swift */ = {isa = PBXFileReference; lastKnownFileType = sourcecode.swift; path = DeleteCredintalsKeychainFacade.swift; sourceTree = "<group>"; };
		DA123E9D257BF29A003CC7DC /* CredentialKeychainController.swift */ = {isa = PBXFileReference; lastKnownFileType = sourcecode.swift; path = CredentialKeychainController.swift; sourceTree = "<group>"; };
		DA123EA0257C0861003CC7DC /* KeychainAssembly.swift */ = {isa = PBXFileReference; lastKnownFileType = sourcecode.swift; path = KeychainAssembly.swift; sourceTree = "<group>"; };
		DA123EA9257E66C1003CC7DC /* LogOutController.swift */ = {isa = PBXFileReference; lastKnownFileType = sourcecode.swift; path = LogOutController.swift; sourceTree = "<group>"; };
		DA123EAC257E6797003CC7DC /* LogOutAssembly.swift */ = {isa = PBXFileReference; lastKnownFileType = sourcecode.swift; path = LogOutAssembly.swift; sourceTree = "<group>"; };
		DA123EAF257F9859003CC7DC /* LoginController.swift */ = {isa = PBXFileReference; lastKnownFileType = sourcecode.swift; path = LoginController.swift; sourceTree = "<group>"; };
		DA123EB425810FBE003CC7DC /* StartUpControllerTests.swift */ = {isa = PBXFileReference; fileEncoding = 4; lastKnownFileType = sourcecode.swift; path = StartUpControllerTests.swift; sourceTree = "<group>"; };
		DA123ECB258783A1003CC7DC /* LoginControllerTests.swift */ = {isa = PBXFileReference; lastKnownFileType = sourcecode.swift; path = LoginControllerTests.swift; sourceTree = "<group>"; };
		DA123ECE258797E8003CC7DC /* LoginPresenterTests.swift */ = {isa = PBXFileReference; lastKnownFileType = sourcecode.swift; path = LoginPresenterTests.swift; sourceTree = "<group>"; };
		DA123ED02587B660003CC7DC /* LoginBuilderTests.swift */ = {isa = PBXFileReference; lastKnownFileType = sourcecode.swift; path = LoginBuilderTests.swift; sourceTree = "<group>"; };
		DA123ED42587C1B8003CC7DC /* DashboardPresenterTests.swift */ = {isa = PBXFileReference; fileEncoding = 4; lastKnownFileType = sourcecode.swift; path = DashboardPresenterTests.swift; sourceTree = "<group>"; };
		DA123ED82588FF09003CC7DC /* LoginLauncherTests.swift */ = {isa = PBXFileReference; lastKnownFileType = sourcecode.swift; path = LoginLauncherTests.swift; sourceTree = "<group>"; };
		DA123EDA2589014C003CC7DC /* DashboardLauncherTests.swift */ = {isa = PBXFileReference; lastKnownFileType = sourcecode.swift; path = DashboardLauncherTests.swift; sourceTree = "<group>"; };
		DA373829255567510003D164 /* GitHub_Learning.app */ = {isa = PBXFileReference; explicitFileType = wrapper.application; includeInIndex = 0; path = GitHub_Learning.app; sourceTree = BUILT_PRODUCTS_DIR; };
		DA37382C255567510003D164 /* AppDelegate.swift */ = {isa = PBXFileReference; lastKnownFileType = sourcecode.swift; path = AppDelegate.swift; sourceTree = "<group>"; };
		DA37382E255567510003D164 /* SceneDelegate.swift */ = {isa = PBXFileReference; lastKnownFileType = sourcecode.swift; path = SceneDelegate.swift; sourceTree = "<group>"; };
		DA373830255567510003D164 /* OnboardingViewController.swift */ = {isa = PBXFileReference; lastKnownFileType = sourcecode.swift; path = OnboardingViewController.swift; sourceTree = "<group>"; };
		DA373835255567570003D164 /* Assets.xcassets */ = {isa = PBXFileReference; lastKnownFileType = folder.assetcatalog; path = Assets.xcassets; sourceTree = "<group>"; };
		DA373838255567570003D164 /* Base */ = {isa = PBXFileReference; lastKnownFileType = file.storyboard; name = Base; path = Base.lproj/LaunchScreen.storyboard; sourceTree = "<group>"; };
		DA37383A255567570003D164 /* Info.plist */ = {isa = PBXFileReference; lastKnownFileType = text.plist.xml; path = Info.plist; sourceTree = "<group>"; };
		DA595001256BD952000CE120 /* ActionStyle+UIAlertAction.style.swift */ = {isa = PBXFileReference; lastKnownFileType = sourcecode.swift; path = "ActionStyle+UIAlertAction.style.swift"; sourceTree = "<group>"; };
		DA59500A256C1463000CE120 /* OnobardingResource.swift */ = {isa = PBXFileReference; lastKnownFileType = sourcecode.swift; path = OnobardingResource.swift; sourceTree = "<group>"; };
		DA59500C256D085E000CE120 /* OnboardingFinishedService.swift */ = {isa = PBXFileReference; lastKnownFileType = sourcecode.swift; path = OnboardingFinishedService.swift; sourceTree = "<group>"; };
		DA59500E256D3AD0000CE120 /* LoadOnboardingFinishedInteractor.swift */ = {isa = PBXFileReference; lastKnownFileType = sourcecode.swift; path = LoadOnboardingFinishedInteractor.swift; sourceTree = "<group>"; };
		DA595010256D3DE3000CE120 /* StoreOnboardingFinishedInteractor.swift */ = {isa = PBXFileReference; lastKnownFileType = sourcecode.swift; path = StoreOnboardingFinishedInteractor.swift; sourceTree = "<group>"; };
		DA595012256D4080000CE120 /* LoadOnboardingFinishedFacade.swift */ = {isa = PBXFileReference; lastKnownFileType = sourcecode.swift; path = LoadOnboardingFinishedFacade.swift; sourceTree = "<group>"; };
		DA595014256E5A95000CE120 /* StoreOnboardingFinishedFacade.swift */ = {isa = PBXFileReference; lastKnownFileType = sourcecode.swift; path = StoreOnboardingFinishedFacade.swift; sourceTree = "<group>"; };
		DA595016256FD8E9000CE120 /* UIAlertAction+AlertAction.swift */ = {isa = PBXFileReference; lastKnownFileType = sourcecode.swift; path = "UIAlertAction+AlertAction.swift"; sourceTree = "<group>"; };
		DA9EFB5425617DB4007DF94E /* Wireframe.swift */ = {isa = PBXFileReference; lastKnownFileType = sourcecode.swift; path = Wireframe.swift; sourceTree = "<group>"; };
		DA9EFB5625617EEA007DF94E /* WireframeImpl.swift */ = {isa = PBXFileReference; lastKnownFileType = sourcecode.swift; path = WireframeImpl.swift; sourceTree = "<group>"; };
		DA9EFB5D2562884D007DF94E /* TestView.swift */ = {isa = PBXFileReference; lastKnownFileType = sourcecode.swift; path = TestView.swift; sourceTree = "<group>"; };
		DA9EFB6125628869007DF94E /* TestController.swift */ = {isa = PBXFileReference; lastKnownFileType = sourcecode.swift; path = TestController.swift; sourceTree = "<group>"; };
		DA9EFB652562ACB7007DF94E /* LoginViewController.swift */ = {isa = PBXFileReference; lastKnownFileType = sourcecode.swift; path = LoginViewController.swift; sourceTree = "<group>"; };
		DA9EFB672562AED0007DF94E /* LoginAssembly.swift */ = {isa = PBXFileReference; lastKnownFileType = sourcecode.swift; path = LoginAssembly.swift; sourceTree = "<group>"; };
		DA9EFB692562AFBA007DF94E /* LoginPresenter.swift */ = {isa = PBXFileReference; lastKnownFileType = sourcecode.swift; path = LoginPresenter.swift; sourceTree = "<group>"; };
		DA9EFB6B2562B04E007DF94E /* LoginView.swift */ = {isa = PBXFileReference; lastKnownFileType = sourcecode.swift; path = LoginView.swift; sourceTree = "<group>"; };
		DA9EFB6D2562B6E6007DF94E /* UIWindow+topViewController.swift */ = {isa = PBXFileReference; lastKnownFileType = sourcecode.swift; path = "UIWindow+topViewController.swift"; sourceTree = "<group>"; };
		DA9EFB6F2562BC61007DF94E /* LoginLayout.swift */ = {isa = PBXFileReference; lastKnownFileType = sourcecode.swift; path = LoginLayout.swift; sourceTree = "<group>"; };
		DAA4032525667C37006DD914 /* LoginBuilder.swift */ = {isa = PBXFileReference; lastKnownFileType = sourcecode.swift; path = LoginBuilder.swift; sourceTree = "<group>"; };
		DAA4032725667E02006DD914 /* LoginCredentials.swift */ = {isa = PBXFileReference; lastKnownFileType = sourcecode.swift; path = LoginCredentials.swift; sourceTree = "<group>"; };
		DAA4032B25668904006DD914 /* String+.swift */ = {isa = PBXFileReference; lastKnownFileType = sourcecode.swift; path = "String+.swift"; sourceTree = "<group>"; };
		DAA4032F25669009006DD914 /* AlertProviderController.swift */ = {isa = PBXFileReference; lastKnownFileType = sourcecode.swift; path = AlertProviderController.swift; sourceTree = "<group>"; };
		DAA4033225669242006DD914 /* AlertProviderAssembly.swift */ = {isa = PBXFileReference; lastKnownFileType = sourcecode.swift; path = AlertProviderAssembly.swift; sourceTree = "<group>"; };
		DAB928FA25559FDC00354C8F /* OnboardingPage.swift */ = {isa = PBXFileReference; lastKnownFileType = sourcecode.swift; path = OnboardingPage.swift; sourceTree = "<group>"; };
		DAB928FC2555A13B00354C8F /* OnboardingController.swift */ = {isa = PBXFileReference; lastKnownFileType = sourcecode.swift; path = OnboardingController.swift; sourceTree = "<group>"; };
		DAB929002555A87200354C8F /* ScopeSpec.swift */ = {isa = PBXFileReference; lastKnownFileType = sourcecode.swift; path = ScopeSpec.swift; sourceTree = "<group>"; };
		DAB929022555A88500354C8F /* ScopeSpecProvider.swift */ = {isa = PBXFileReference; lastKnownFileType = sourcecode.swift; path = ScopeSpecProvider.swift; sourceTree = "<group>"; };
		DAB929052555AC4E00354C8F /* OnboardingAssembly.swift */ = {isa = PBXFileReference; lastKnownFileType = sourcecode.swift; path = OnboardingAssembly.swift; sourceTree = "<group>"; };
		DAB929072559513A00354C8F /* OnboardingLayout.swift */ = {isa = PBXFileReference; lastKnownFileType = sourcecode.swift; path = OnboardingLayout.swift; sourceTree = "<group>"; };
		DAB9290925595B9D00354C8F /* OnboardingPresenter.swift */ = {isa = PBXFileReference; lastKnownFileType = sourcecode.swift; path = OnboardingPresenter.swift; sourceTree = "<group>"; };
		DAB9290B25595C2000354C8F /* OnboardingView.swift */ = {isa = PBXFileReference; lastKnownFileType = sourcecode.swift; path = OnboardingView.swift; sourceTree = "<group>"; };
		DAB929112559601100354C8F /* GitHub_LearningTests.xctest */ = {isa = PBXFileReference; explicitFileType = wrapper.cfbundle; includeInIndex = 0; path = GitHub_LearningTests.xctest; sourceTree = BUILT_PRODUCTS_DIR; };
		DAB929152559601100354C8F /* Info.plist */ = {isa = PBXFileReference; lastKnownFileType = text.plist.xml; path = Info.plist; sourceTree = "<group>"; };
		DAB9291B2559622600354C8F /* OnboardingControllerTests.swift */ = {isa = PBXFileReference; lastKnownFileType = sourcecode.swift; path = OnboardingControllerTests.swift; sourceTree = "<group>"; };
		DAB9291F255AA95B00354C8F /* OnboardingCell.swift */ = {isa = PBXFileReference; lastKnownFileType = sourcecode.swift; path = OnboardingCell.swift; sourceTree = "<group>"; };
		DAB92921255AC0C300354C8F /* OnboardingPageViewModel.swift */ = {isa = PBXFileReference; lastKnownFileType = sourcecode.swift; path = OnboardingPageViewModel.swift; sourceTree = "<group>"; };
		DAB9292D255ECE7200354C8F /* LoginLauncherController.swift */ = {isa = PBXFileReference; lastKnownFileType = sourcecode.swift; path = LoginLauncherController.swift; sourceTree = "<group>"; };
		DAB92930255ECF2400354C8F /* NavigationAssembly.swift */ = {isa = PBXFileReference; lastKnownFileType = sourcecode.swift; path = NavigationAssembly.swift; sourceTree = "<group>"; };
		DAB92934255ED23700354C8F /* OnboardingPresenterTests.swift */ = {isa = PBXFileReference; lastKnownFileType = sourcecode.swift; path = OnboardingPresenterTests.swift; sourceTree = "<group>"; };
/* End PBXFileReference section */

/* Begin PBXFrameworksBuildPhase section */
		DA373826255567510003D164 /* Frameworks */ = {
			isa = PBXFrameworksBuildPhase;
			buildActionMask = 2147483647;
			files = (
				F208FDC4F7D2731E652F8BD5 /* Pods_GitHub_Learning.framework in Frameworks */,
			);
			runOnlyForDeploymentPostprocessing = 0;
		};
		DAB9290E2559601100354C8F /* Frameworks */ = {
			isa = PBXFrameworksBuildPhase;
			buildActionMask = 2147483647;
			files = (
				E928E103F1228086DD54BC39 /* Pods_GitHub_LearningTests.framework in Frameworks */,
			);
			runOnlyForDeploymentPostprocessing = 0;
		};
/* End PBXFrameworksBuildPhase section */

/* Begin PBXGroup section */
		CCDDFF0A11FE565B3DE8564D /* Frameworks */ = {
			isa = PBXGroup;
			children = (
				7629A38C2E5C6CBF341BC957 /* Pods_GitHub_Learning.framework */,
				958307D4623D91FB6A85D094 /* Pods_GitHub_LearningTests.framework */,
			);
			name = Frameworks;
			sourceTree = "<group>";
		};
		CF85B6628FB7B34B3C167C10 /* Pods */ = {
			isa = PBXGroup;
			children = (
				43EE5DE395A94177439DAD19 /* Pods-GitHub_Learning.debug.xcconfig */,
				92DFE6761B10F7EC28331518 /* Pods-GitHub_Learning.release.xcconfig */,
				C76EEE5050A97A4B52CEC482 /* Pods-GitHub_LearningTests.debug.xcconfig */,
				1D6DDAA3F874A1328B663B91 /* Pods-GitHub_LearningTests.release.xcconfig */,
			);
			path = Pods;
			sourceTree = "<group>";
		};
		DA123E6A2579094E003CC7DC /* StartUp */ = {
			isa = PBXGroup;
			children = (
				DA123E6E257909EF003CC7DC /* Injection */,
				DA123E6B2579096A003CC7DC /* Application */,
			);
			path = StartUp;
			sourceTree = "<group>";
		};
		DA123E6B2579096A003CC7DC /* Application */ = {
			isa = PBXGroup;
			children = (
				DA123E6C2579097D003CC7DC /* StartUpController.swift */,
			);
			path = Application;
			sourceTree = "<group>";
		};
		DA123E6E257909EF003CC7DC /* Injection */ = {
			isa = PBXGroup;
			children = (
				DA123E6F257909FE003CC7DC /* StartUpAssembly.swift */,
			);
			path = Injection;
			sourceTree = "<group>";
		};
		DA123E7125792C27003CC7DC /* Dashboard */ = {
			isa = PBXGroup;
			children = (
				DA123E7225792C27003CC7DC /* Injection */,
				DA123E7425792C27003CC7DC /* View */,
				DA123E7725792C27003CC7DC /* Application */,
				DA123E7925792C27003CC7DC /* Presentation */,
			);
			path = Dashboard;
			sourceTree = "<group>";
		};
		DA123E7225792C27003CC7DC /* Injection */ = {
			isa = PBXGroup;
			children = (
				DA123E7325792C27003CC7DC /* DashboardAssembly.swift */,
			);
			path = Injection;
			sourceTree = "<group>";
		};
		DA123E7425792C27003CC7DC /* View */ = {
			isa = PBXGroup;
			children = (
				DA123E7525792C27003CC7DC /* DashboardLayout.swift */,
				DA123E7625792C27003CC7DC /* DashboardViewController.swift */,
			);
			path = View;
			sourceTree = "<group>";
		};
		DA123E7725792C27003CC7DC /* Application */ = {
			isa = PBXGroup;
			children = (
				DA123E7825792C27003CC7DC /* DashboardController.swift */,
			);
			path = Application;
			sourceTree = "<group>";
		};
		DA123E7925792C27003CC7DC /* Presentation */ = {
			isa = PBXGroup;
			children = (
				DA123E7A25792C27003CC7DC /* DashboardView.swift */,
				DA123E7B25792C27003CC7DC /* DashboardPresenter.swift */,
			);
			path = Presentation;
			sourceTree = "<group>";
		};
		DA123E84257A57B9003CC7DC /* OnboardingPersistancy */ = {
			isa = PBXGroup;
			children = (
				DA123E85257A5822003CC7DC /* Injection */,
				DA123E88257A5A43003CC7DC /* Application */,
				DAB928F825559E2600354C8F /* Resources */,
			);
			path = OnboardingPersistancy;
			sourceTree = "<group>";
		};
		DA123E85257A5822003CC7DC /* Injection */ = {
			isa = PBXGroup;
			children = (
				DA123E86257A590C003CC7DC /* OnboardingPersistancyAssembly.swift */,
			);
			path = Injection;
			sourceTree = "<group>";
		};
		DA123E88257A5A43003CC7DC /* Application */ = {
			isa = PBXGroup;
			children = (
				DA59500C256D085E000CE120 /* OnboardingFinishedService.swift */,
				DA59500E256D3AD0000CE120 /* LoadOnboardingFinishedInteractor.swift */,
				DA595010256D3DE3000CE120 /* StoreOnboardingFinishedInteractor.swift */,
				DA595012256D4080000CE120 /* LoadOnboardingFinishedFacade.swift */,
				DA595014256E5A95000CE120 /* StoreOnboardingFinishedFacade.swift */,
			);
			path = Application;
			sourceTree = "<group>";
		};
		DA123E8A257A5F7E003CC7DC /* Keychain */ = {
			isa = PBXGroup;
			children = (
				DA123E9F257C07D0003CC7DC /* Injection */,
				DA123E8E257A6482003CC7DC /* Application */,
				DA123E8B257A5F96003CC7DC /* Resource */,
			);
			path = Keychain;
			sourceTree = "<group>";
		};
		DA123E8B257A5F96003CC7DC /* Resource */ = {
			isa = PBXGroup;
			children = (
				DA123E8C257A6165003CC7DC /* CredentialsKeychainResource.swift */,
			);
			path = Resource;
			sourceTree = "<group>";
		};
		DA123E8E257A6482003CC7DC /* Application */ = {
			isa = PBXGroup;
			children = (
				DA123E8F257A649D003CC7DC /* CredintalsKeychainService.swift */,
				DA123E91257A6797003CC7DC /* LoadCredentialsKeychainInteractorImpl.swift */,
				DA123E93257A67AC003CC7DC /* StoreCredentialsKeychainInteractorImpl.swift */,
				DA123E99257A6FB0003CC7DC /* DeleteCredintalsKeychainInteractorImpl.swift */,
				DA123E95257A6AD7003CC7DC /* LoadCredintalsKeychainFacade.swift */,
				DA123E97257A6AE6003CC7DC /* StoreCredentialsKeychainFacade.swift */,
				DA123E9B257A7371003CC7DC /* DeleteCredintalsKeychainFacade.swift */,
				DA123E9D257BF29A003CC7DC /* CredentialKeychainController.swift */,
			);
			path = Application;
			sourceTree = "<group>";
		};
		DA123E9F257C07D0003CC7DC /* Injection */ = {
			isa = PBXGroup;
			children = (
				DA123EA0257C0861003CC7DC /* KeychainAssembly.swift */,
			);
			path = Injection;
			sourceTree = "<group>";
		};
		DA123EA7257E6668003CC7DC /* LogOut */ = {
			isa = PBXGroup;
			children = (
				DA123EAB257E6788003CC7DC /* Injection */,
				DA123EA8257E667A003CC7DC /* Application */,
			);
			path = LogOut;
			sourceTree = "<group>";
		};
		DA123EA8257E667A003CC7DC /* Application */ = {
			isa = PBXGroup;
			children = (
				DA123EA9257E66C1003CC7DC /* LogOutController.swift */,
			);
			path = Application;
			sourceTree = "<group>";
		};
		DA123EAB257E6788003CC7DC /* Injection */ = {
			isa = PBXGroup;
			children = (
				DA123EAC257E6797003CC7DC /* LogOutAssembly.swift */,
			);
			path = Injection;
			sourceTree = "<group>";
		};
		DA123EAE257F9849003CC7DC /* Application */ = {
			isa = PBXGroup;
			children = (
				DA123EAF257F9859003CC7DC /* LoginController.swift */,
			);
			path = Application;
			sourceTree = "<group>";
		};
		DA123EB225810FBE003CC7DC /* StartUp */ = {
			isa = PBXGroup;
			children = (
				DA123EB325810FBE003CC7DC /* Application */,
			);
			path = StartUp;
			sourceTree = "<group>";
		};
		DA123EB325810FBE003CC7DC /* Application */ = {
			isa = PBXGroup;
			children = (
				DA123EB425810FBE003CC7DC /* StartUpControllerTests.swift */,
			);
			path = Application;
			sourceTree = "<group>";
		};
		DA123EC92587836B003CC7DC /* Login */ = {
			isa = PBXGroup;
			children = (
				DA123ECD258797C4003CC7DC /* Presentation */,
				DA123ECA25878377003CC7DC /* Application */,
			);
			path = Login;
			sourceTree = "<group>";
		};
		DA123ECA25878377003CC7DC /* Application */ = {
			isa = PBXGroup;
			children = (
				DA123ECB258783A1003CC7DC /* LoginControllerTests.swift */,
			);
			path = Application;
			sourceTree = "<group>";
		};
		DA123ECD258797C4003CC7DC /* Presentation */ = {
			isa = PBXGroup;
			children = (
				DA123ECE258797E8003CC7DC /* LoginPresenterTests.swift */,
				DA123ED02587B660003CC7DC /* LoginBuilderTests.swift */,
			);
			path = Presentation;
			sourceTree = "<group>";
		};
		DA123ED22587C1B8003CC7DC /* Dashboard */ = {
			isa = PBXGroup;
			children = (
				DA123ED32587C1B8003CC7DC /* Presentation */,
			);
			name = Dashboard;
			path = GitHub_LearningTests/Feature/Dashboard;
			sourceTree = SOURCE_ROOT;
		};
		DA123ED32587C1B8003CC7DC /* Presentation */ = {
			isa = PBXGroup;
			children = (
				DA123ED42587C1B8003CC7DC /* DashboardPresenterTests.swift */,
			);
			path = Presentation;
			sourceTree = "<group>";
		};
		DA123ED62588FEDF003CC7DC /* Navigation */ = {
			isa = PBXGroup;
			children = (
				DA123ED72588FEEA003CC7DC /* Application */,
			);
			path = Navigation;
			sourceTree = "<group>";
		};
		DA123ED72588FEEA003CC7DC /* Application */ = {
			isa = PBXGroup;
			children = (
				DA123ED82588FF09003CC7DC /* LoginLauncherTests.swift */,
				DA123EDA2589014C003CC7DC /* DashboardLauncherTests.swift */,
			);
			path = Application;
			sourceTree = "<group>";
		};
		DA373820255567510003D164 = {
			isa = PBXGroup;
			children = (
				DA37382B255567510003D164 /* GitHub_Learning */,
				DAB929122559601100354C8F /* GitHub_LearningTests */,
				DA37382A255567510003D164 /* Products */,
				CF85B6628FB7B34B3C167C10 /* Pods */,
				CCDDFF0A11FE565B3DE8564D /* Frameworks */,
			);
			sourceTree = "<group>";
		};
		DA37382A255567510003D164 /* Products */ = {
			isa = PBXGroup;
			children = (
				DA373829255567510003D164 /* GitHub_Learning.app */,
				DAB929112559601100354C8F /* GitHub_LearningTests.xctest */,
			);
			name = Products;
			sourceTree = "<group>";
		};
		DA37382B255567510003D164 /* GitHub_Learning */ = {
			isa = PBXGroup;
			children = (
				DA37383A255567570003D164 /* Info.plist */,
				DAB928F425559DA800354C8F /* App */,
				DAB9292A255EC6F900354C8F /* Generic */,
				DAB928F225559D8800354C8F /* Feature */,
			);
			path = GitHub_Learning;
			sourceTree = "<group>";
		};
		DA595000256BD923000CE120 /* View */ = {
			isa = PBXGroup;
			children = (
				DA595001256BD952000CE120 /* ActionStyle+UIAlertAction.style.swift */,
				DA595016256FD8E9000CE120 /* UIAlertAction+AlertAction.swift */,
			);
			path = View;
			sourceTree = "<group>";
		};
		DA9EFB5325617D50007DF94E /* View */ = {
			isa = PBXGroup;
			children = (
				DA9EFB5625617EEA007DF94E /* WireframeImpl.swift */,
				DA9EFB6D2562B6E6007DF94E /* UIWindow+topViewController.swift */,
			);
			path = View;
			sourceTree = "<group>";
		};
		DA9EFB582562879C007DF94E /* Generic */ = {
			isa = PBXGroup;
			children = (
				DA123ED62588FEDF003CC7DC /* Navigation */,
				DA9EFB5B2562881A007DF94E /* Fakes */,
			);
			path = Generic;
			sourceTree = "<group>";
		};
		DA9EFB5A256287F3007DF94E /* Application */ = {
			isa = PBXGroup;
			children = (
				DA9EFB6125628869007DF94E /* TestController.swift */,
			);
			path = Application;
			sourceTree = "<group>";
		};
		DA9EFB5B2562881A007DF94E /* Fakes */ = {
			isa = PBXGroup;
			children = (
				DA9EFB5C25628838007DF94E /* View */,
				DA9EFB5A256287F3007DF94E /* Application */,
			);
			path = Fakes;
			sourceTree = "<group>";
		};
		DA9EFB5C25628838007DF94E /* View */ = {
			isa = PBXGroup;
			children = (
				DA9EFB5D2562884D007DF94E /* TestView.swift */,
			);
			path = View;
			sourceTree = "<group>";
		};
		DAA4032925668752006DD914 /* Utilities */ = {
			isa = PBXGroup;
			children = (
				DAA4032A256688A0006DD914 /* Infrastructure */,
			);
			path = Utilities;
			sourceTree = "<group>";
		};
		DAA4032A256688A0006DD914 /* Infrastructure */ = {
			isa = PBXGroup;
			children = (
				DAA4032B25668904006DD914 /* String+.swift */,
			);
			path = Infrastructure;
			sourceTree = "<group>";
		};
		DAA4032D25668F10006DD914 /* AlertProvider */ = {
			isa = PBXGroup;
			children = (
				DAA4033125669231006DD914 /* Injection */,
				DA595000256BD923000CE120 /* View */,
				DAA4032E25668F18006DD914 /* Application */,
			);
			path = AlertProvider;
			sourceTree = "<group>";
		};
		DAA4032E25668F18006DD914 /* Application */ = {
			isa = PBXGroup;
			children = (
				DAA4032F25669009006DD914 /* AlertProviderController.swift */,
			);
			path = Application;
			sourceTree = "<group>";
		};
		DAA4033125669231006DD914 /* Injection */ = {
			isa = PBXGroup;
			children = (
				DAA4033225669242006DD914 /* AlertProviderAssembly.swift */,
			);
			path = Injection;
			sourceTree = "<group>";
		};
		DAB928F225559D8800354C8F /* Feature */ = {
			isa = PBXGroup;
			children = (
				DA123E7125792C27003CC7DC /* Dashboard */,
				DA123E6A2579094E003CC7DC /* StartUp */,
				DAB92923255EC66E00354C8F /* Login */,
				DAB928F325559D9600354C8F /* Onboarding */,
			);
			path = Feature;
			sourceTree = "<group>";
		};
		DAB928F325559D9600354C8F /* Onboarding */ = {
			isa = PBXGroup;
			children = (
				DAB928FE2555A80700354C8F /* Injection */,
				DAB928F525559DC200354C8F /* View */,
				DAB928F625559E1400354C8F /* Presentation */,
				DAB928F725559E2000354C8F /* Application */,
				DAB928F925559E3300354C8F /* Domain */,
			);
			path = Onboarding;
			sourceTree = "<group>";
		};
		DAB928F425559DA800354C8F /* App */ = {
			isa = PBXGroup;
			children = (
				DAB928FF2555A84D00354C8F /* ScopeManagment */,
				DA37382C255567510003D164 /* AppDelegate.swift */,
				DA37382E255567510003D164 /* SceneDelegate.swift */,
				DA373835255567570003D164 /* Assets.xcassets */,
				DA373837255567570003D164 /* LaunchScreen.storyboard */,
			);
			path = App;
			sourceTree = "<group>";
		};
		DAB928F525559DC200354C8F /* View */ = {
			isa = PBXGroup;
			children = (
				DA373830255567510003D164 /* OnboardingViewController.swift */,
				DAB929072559513A00354C8F /* OnboardingLayout.swift */,
				DAB9291F255AA95B00354C8F /* OnboardingCell.swift */,
			);
			path = View;
			sourceTree = "<group>";
		};
		DAB928F625559E1400354C8F /* Presentation */ = {
			isa = PBXGroup;
			children = (
				DAB92921255AC0C300354C8F /* OnboardingPageViewModel.swift */,
				DAB9290925595B9D00354C8F /* OnboardingPresenter.swift */,
				DAB9290B25595C2000354C8F /* OnboardingView.swift */,
			);
			path = Presentation;
			sourceTree = "<group>";
		};
		DAB928F725559E2000354C8F /* Application */ = {
			isa = PBXGroup;
			children = (
				DAB928FC2555A13B00354C8F /* OnboardingController.swift */,
			);
			path = Application;
			sourceTree = "<group>";
		};
		DAB928F825559E2600354C8F /* Resources */ = {
			isa = PBXGroup;
			children = (
				DA59500A256C1463000CE120 /* OnobardingResource.swift */,
			);
			path = Resources;
			sourceTree = "<group>";
		};
		DAB928F925559E3300354C8F /* Domain */ = {
			isa = PBXGroup;
			children = (
				DAB928FA25559FDC00354C8F /* OnboardingPage.swift */,
			);
			path = Domain;
			sourceTree = "<group>";
		};
		DAB928FE2555A80700354C8F /* Injection */ = {
			isa = PBXGroup;
			children = (
				DAB929052555AC4E00354C8F /* OnboardingAssembly.swift */,
			);
			path = Injection;
			sourceTree = "<group>";
		};
		DAB928FF2555A84D00354C8F /* ScopeManagment */ = {
			isa = PBXGroup;
			children = (
				DAB929042555A88E00354C8F /* Injection */,
			);
			path = ScopeManagment;
			sourceTree = "<group>";
		};
		DAB929042555A88E00354C8F /* Injection */ = {
			isa = PBXGroup;
			children = (
				DAB929002555A87200354C8F /* ScopeSpec.swift */,
				DAB929022555A88500354C8F /* ScopeSpecProvider.swift */,
			);
			path = Injection;
			sourceTree = "<group>";
		};
		DAB929122559601100354C8F /* GitHub_LearningTests */ = {
			isa = PBXGroup;
			children = (
				DA9EFB582562879C007DF94E /* Generic */,
				DAB9291D255A9B5000354C8F /* Feature */,
				DAB929152559601100354C8F /* Info.plist */,
			);
			path = GitHub_LearningTests;
			sourceTree = "<group>";
		};
		DAB9291D255A9B5000354C8F /* Feature */ = {
			isa = PBXGroup;
			children = (
				DA123ED22587C1B8003CC7DC /* Dashboard */,
				DA123EC92587836B003CC7DC /* Login */,
				DA123EB225810FBE003CC7DC /* StartUp */,
				DAB9291E255A9B5B00354C8F /* Onboarding */,
			);
			path = Feature;
			sourceTree = "<group>";
		};
		DAB9291E255A9B5B00354C8F /* Onboarding */ = {
			isa = PBXGroup;
			children = (
				DAB92933255ED21A00354C8F /* Presentation */,
				DAB92932255ED21100354C8F /* Application */,
			);
			path = Onboarding;
			sourceTree = "<group>";
		};
		DAB92923255EC66E00354C8F /* Login */ = {
			isa = PBXGroup;
			children = (
				DA123EAE257F9849003CC7DC /* Application */,
				DAB92924255EC68200354C8F /* Injection */,
				DAB92925255EC68E00354C8F /* View */,
				DAB92926255EC6A100354C8F /* Presentation */,
				DAB92929255EC6BE00354C8F /* Domain */,
			);
			path = Login;
			sourceTree = "<group>";
		};
		DAB92924255EC68200354C8F /* Injection */ = {
			isa = PBXGroup;
			children = (
				DA9EFB672562AED0007DF94E /* LoginAssembly.swift */,
			);
			path = Injection;
			sourceTree = "<group>";
		};
		DAB92925255EC68E00354C8F /* View */ = {
			isa = PBXGroup;
			children = (
				DA9EFB652562ACB7007DF94E /* LoginViewController.swift */,
				DA9EFB6F2562BC61007DF94E /* LoginLayout.swift */,
			);
			path = View;
			sourceTree = "<group>";
		};
		DAB92926255EC6A100354C8F /* Presentation */ = {
			isa = PBXGroup;
			children = (
				DA9EFB692562AFBA007DF94E /* LoginPresenter.swift */,
				DA9EFB6B2562B04E007DF94E /* LoginView.swift */,
				DAA4032525667C37006DD914 /* LoginBuilder.swift */,
			);
			path = Presentation;
			sourceTree = "<group>";
		};
		DAB92929255EC6BE00354C8F /* Domain */ = {
			isa = PBXGroup;
			children = (
				DAA4032725667E02006DD914 /* LoginCredentials.swift */,
			);
			path = Domain;
			sourceTree = "<group>";
		};
		DAB9292A255EC6F900354C8F /* Generic */ = {
			isa = PBXGroup;
			children = (
				DA123EA7257E6668003CC7DC /* LogOut */,
				DA123E8A257A5F7E003CC7DC /* Keychain */,
				DA123E84257A57B9003CC7DC /* OnboardingPersistancy */,
				DAA4032D25668F10006DD914 /* AlertProvider */,
				DAA4032925668752006DD914 /* Utilities */,
				DAB9292B255EC71700354C8F /* Navigation */,
			);
			path = Generic;
			sourceTree = "<group>";
		};
		DAB9292B255EC71700354C8F /* Navigation */ = {
			isa = PBXGroup;
			children = (
				DAB9292F255ECF0500354C8F /* Injection */,
				DA9EFB5325617D50007DF94E /* View */,
				DAB9292C255ECE5000354C8F /* Application */,
			);
			path = Navigation;
			sourceTree = "<group>";
		};
		DAB9292C255ECE5000354C8F /* Application */ = {
			isa = PBXGroup;
			children = (
				DA123E8225792D3B003CC7DC /* DashboardLauncherController.swift */,
				DAB9292D255ECE7200354C8F /* LoginLauncherController.swift */,
				DA9EFB5425617DB4007DF94E /* Wireframe.swift */,
			);
			path = Application;
			sourceTree = "<group>";
		};
		DAB9292F255ECF0500354C8F /* Injection */ = {
			isa = PBXGroup;
			children = (
				DAB92930255ECF2400354C8F /* NavigationAssembly.swift */,
			);
			path = Injection;
			sourceTree = "<group>";
		};
		DAB92932255ED21100354C8F /* Application */ = {
			isa = PBXGroup;
			children = (
				DAB9291B2559622600354C8F /* OnboardingControllerTests.swift */,
			);
			path = Application;
			sourceTree = "<group>";
		};
		DAB92933255ED21A00354C8F /* Presentation */ = {
			isa = PBXGroup;
			children = (
				DAB92934255ED23700354C8F /* OnboardingPresenterTests.swift */,
			);
			path = Presentation;
			sourceTree = "<group>";
		};
/* End PBXGroup section */

/* Begin PBXNativeTarget section */
		DA373828255567510003D164 /* GitHub_Learning */ = {
			isa = PBXNativeTarget;
			buildConfigurationList = DA37383D255567570003D164 /* Build configuration list for PBXNativeTarget "GitHub_Learning" */;
			buildPhases = (
				CB9DAA6758423521B43F930F /* [CP] Check Pods Manifest.lock */,
				DA373825255567510003D164 /* Sources */,
				DA373826255567510003D164 /* Frameworks */,
				DA373827255567510003D164 /* Resources */,
				9D836B6EBE094448194BD2D4 /* [CP] Embed Pods Frameworks */,
			);
			buildRules = (
			);
			dependencies = (
			);
			name = GitHub_Learning;
			productName = GitHub_Learning;
			productReference = DA373829255567510003D164 /* GitHub_Learning.app */;
			productType = "com.apple.product-type.application";
		};
		DAB929102559601100354C8F /* GitHub_LearningTests */ = {
			isa = PBXNativeTarget;
			buildConfigurationList = DAB9291A2559601100354C8F /* Build configuration list for PBXNativeTarget "GitHub_LearningTests" */;
			buildPhases = (
				9B6FDD162C2598E4F055963F /* [CP] Check Pods Manifest.lock */,
				DAB9290D2559601100354C8F /* Sources */,
				DAB9290E2559601100354C8F /* Frameworks */,
				DAB9290F2559601100354C8F /* Resources */,
				75EEE77DDBF949748339A186 /* [CP] Embed Pods Frameworks */,
			);
			buildRules = (
			);
			dependencies = (
				DAB929172559601100354C8F /* PBXTargetDependency */,
			);
			name = GitHub_LearningTests;
			productName = GitHub_LearningTests;
			productReference = DAB929112559601100354C8F /* GitHub_LearningTests.xctest */;
			productType = "com.apple.product-type.bundle.unit-test";
		};
/* End PBXNativeTarget section */

/* Begin PBXProject section */
		DA373821255567510003D164 /* Project object */ = {
			isa = PBXProject;
			attributes = {
				LastSwiftUpdateCheck = 1170;
				LastUpgradeCheck = 1170;
				ORGANIZATIONNAME = Amin_Second_Test_Project;
				TargetAttributes = {
					DA373828255567510003D164 = {
						CreatedOnToolsVersion = 11.7;
					};
					DAB929102559601100354C8F = {
						CreatedOnToolsVersion = 11.7;
						TestTargetID = DA373828255567510003D164;
					};
				};
			};
			buildConfigurationList = DA373824255567510003D164 /* Build configuration list for PBXProject "GitHub_Learning" */;
			compatibilityVersion = "Xcode 9.3";
			developmentRegion = en;
			hasScannedForEncodings = 0;
			knownRegions = (
				en,
				Base,
			);
			mainGroup = DA373820255567510003D164;
			productRefGroup = DA37382A255567510003D164 /* Products */;
			projectDirPath = "";
			projectRoot = "";
			targets = (
				DA373828255567510003D164 /* GitHub_Learning */,
				DAB929102559601100354C8F /* GitHub_LearningTests */,
			);
		};
/* End PBXProject section */

/* Begin PBXResourcesBuildPhase section */
		DA373827255567510003D164 /* Resources */ = {
			isa = PBXResourcesBuildPhase;
			buildActionMask = 2147483647;
			files = (
				DA373839255567570003D164 /* LaunchScreen.storyboard in Resources */,
				DA373836255567570003D164 /* Assets.xcassets in Resources */,
			);
			runOnlyForDeploymentPostprocessing = 0;
		};
		DAB9290F2559601100354C8F /* Resources */ = {
			isa = PBXResourcesBuildPhase;
			buildActionMask = 2147483647;
			files = (
			);
			runOnlyForDeploymentPostprocessing = 0;
		};
/* End PBXResourcesBuildPhase section */

/* Begin PBXShellScriptBuildPhase section */
		75EEE77DDBF949748339A186 /* [CP] Embed Pods Frameworks */ = {
			isa = PBXShellScriptBuildPhase;
			buildActionMask = 2147483647;
			files = (
			);
			inputFileListPaths = (
				"${PODS_ROOT}/Target Support Files/Pods-GitHub_LearningTests/Pods-GitHub_LearningTests-frameworks-${CONFIGURATION}-input-files.xcfilelist",
			);
			name = "[CP] Embed Pods Frameworks";
			outputFileListPaths = (
				"${PODS_ROOT}/Target Support Files/Pods-GitHub_LearningTests/Pods-GitHub_LearningTests-frameworks-${CONFIGURATION}-output-files.xcfilelist",
			);
			runOnlyForDeploymentPostprocessing = 0;
			shellPath = /bin/sh;
			shellScript = "\"${PODS_ROOT}/Target Support Files/Pods-GitHub_LearningTests/Pods-GitHub_LearningTests-frameworks.sh\"\n";
			showEnvVarsInLog = 0;
		};
		9B6FDD162C2598E4F055963F /* [CP] Check Pods Manifest.lock */ = {
			isa = PBXShellScriptBuildPhase;
			buildActionMask = 2147483647;
			files = (
			);
			inputFileListPaths = (
			);
			inputPaths = (
				"${PODS_PODFILE_DIR_PATH}/Podfile.lock",
				"${PODS_ROOT}/Manifest.lock",
			);
			name = "[CP] Check Pods Manifest.lock";
			outputFileListPaths = (
			);
			outputPaths = (
				"$(DERIVED_FILE_DIR)/Pods-GitHub_LearningTests-checkManifestLockResult.txt",
			);
			runOnlyForDeploymentPostprocessing = 0;
			shellPath = /bin/sh;
			shellScript = "diff \"${PODS_PODFILE_DIR_PATH}/Podfile.lock\" \"${PODS_ROOT}/Manifest.lock\" > /dev/null\nif [ $? != 0 ] ; then\n    # print error to STDERR\n    echo \"error: The sandbox is not in sync with the Podfile.lock. Run 'pod install' or update your CocoaPods installation.\" >&2\n    exit 1\nfi\n# This output is used by Xcode 'outputs' to avoid re-running this script phase.\necho \"SUCCESS\" > \"${SCRIPT_OUTPUT_FILE_0}\"\n";
			showEnvVarsInLog = 0;
		};
		9D836B6EBE094448194BD2D4 /* [CP] Embed Pods Frameworks */ = {
			isa = PBXShellScriptBuildPhase;
			buildActionMask = 2147483647;
			files = (
			);
			inputFileListPaths = (
				"${PODS_ROOT}/Target Support Files/Pods-GitHub_Learning/Pods-GitHub_Learning-frameworks-${CONFIGURATION}-input-files.xcfilelist",
			);
			name = "[CP] Embed Pods Frameworks";
			outputFileListPaths = (
				"${PODS_ROOT}/Target Support Files/Pods-GitHub_Learning/Pods-GitHub_Learning-frameworks-${CONFIGURATION}-output-files.xcfilelist",
			);
			runOnlyForDeploymentPostprocessing = 0;
			shellPath = /bin/sh;
			shellScript = "\"${PODS_ROOT}/Target Support Files/Pods-GitHub_Learning/Pods-GitHub_Learning-frameworks.sh\"\n";
			showEnvVarsInLog = 0;
		};
		CB9DAA6758423521B43F930F /* [CP] Check Pods Manifest.lock */ = {
			isa = PBXShellScriptBuildPhase;
			buildActionMask = 2147483647;
			files = (
			);
			inputFileListPaths = (
			);
			inputPaths = (
				"${PODS_PODFILE_DIR_PATH}/Podfile.lock",
				"${PODS_ROOT}/Manifest.lock",
			);
			name = "[CP] Check Pods Manifest.lock";
			outputFileListPaths = (
			);
			outputPaths = (
				"$(DERIVED_FILE_DIR)/Pods-GitHub_Learning-checkManifestLockResult.txt",
			);
			runOnlyForDeploymentPostprocessing = 0;
			shellPath = /bin/sh;
			shellScript = "diff \"${PODS_PODFILE_DIR_PATH}/Podfile.lock\" \"${PODS_ROOT}/Manifest.lock\" > /dev/null\nif [ $? != 0 ] ; then\n    # print error to STDERR\n    echo \"error: The sandbox is not in sync with the Podfile.lock. Run 'pod install' or update your CocoaPods installation.\" >&2\n    exit 1\nfi\n# This output is used by Xcode 'outputs' to avoid re-running this script phase.\necho \"SUCCESS\" > \"${SCRIPT_OUTPUT_FILE_0}\"\n";
			showEnvVarsInLog = 0;
		};
/* End PBXShellScriptBuildPhase section */

/* Begin PBXSourcesBuildPhase section */
		DA373825255567510003D164 /* Sources */ = {
			isa = PBXSourcesBuildPhase;
			buildActionMask = 2147483647;
			files = (
				DA123E98257A6AE6003CC7DC /* StoreCredentialsKeychainFacade.swift in Sources */,
				DA123E90257A649D003CC7DC /* CredintalsKeychainService.swift in Sources */,
				DA9EFB5725617EEA007DF94E /* WireframeImpl.swift in Sources */,
				DA9EFB5525617DB4007DF94E /* Wireframe.swift in Sources */,
				DA59500F256D3AD0000CE120 /* LoadOnboardingFinishedInteractor.swift in Sources */,
				DA595002256BD952000CE120 /* ActionStyle+UIAlertAction.style.swift in Sources */,
				DA9EFB702562BC61007DF94E /* LoginLayout.swift in Sources */,
				DA373831255567510003D164 /* OnboardingViewController.swift in Sources */,
				DA9EFB662562ACB7007DF94E /* LoginViewController.swift in Sources */,
				DAA4032625667C37006DD914 /* LoginBuilder.swift in Sources */,
				DA9EFB682562AED0007DF94E /* LoginAssembly.swift in Sources */,
				DA37382D255567510003D164 /* AppDelegate.swift in Sources */,
				DA123EAA257E66C1003CC7DC /* LogOutController.swift in Sources */,
				DAB92920255AA95B00354C8F /* OnboardingCell.swift in Sources */,
				DA123E7E25792C27003CC7DC /* DashboardViewController.swift in Sources */,
				DA9EFB6C2562B04E007DF94E /* LoginView.swift in Sources */,
				DAB929082559513A00354C8F /* OnboardingLayout.swift in Sources */,
				DA9EFB6A2562AFBA007DF94E /* LoginPresenter.swift in Sources */,
				DA9EFB6E2562B6E6007DF94E /* UIWindow+topViewController.swift in Sources */,
				DA123E9E257BF29A003CC7DC /* CredentialKeychainController.swift in Sources */,
				DA123E70257909FE003CC7DC /* StartUpAssembly.swift in Sources */,
				DA123E92257A6797003CC7DC /* LoadCredentialsKeychainInteractorImpl.swift in Sources */,
				DA123E9A257A6FB0003CC7DC /* DeleteCredintalsKeychainInteractorImpl.swift in Sources */,
				DAA4033325669242006DD914 /* AlertProviderAssembly.swift in Sources */,
				DAA4032825667E02006DD914 /* LoginCredentials.swift in Sources */,
				DAB928FB25559FDC00354C8F /* OnboardingPage.swift in Sources */,
				DA595011256D3DE3000CE120 /* StoreOnboardingFinishedInteractor.swift in Sources */,
				DA123E8D257A6165003CC7DC /* CredentialsKeychainResource.swift in Sources */,
				DAB929012555A87200354C8F /* ScopeSpec.swift in Sources */,
				DA123E87257A590C003CC7DC /* OnboardingPersistancyAssembly.swift in Sources */,
				DA123EA1257C0861003CC7DC /* KeychainAssembly.swift in Sources */,
				DA37382F255567510003D164 /* SceneDelegate.swift in Sources */,
				DA123E8025792C27003CC7DC /* DashboardView.swift in Sources */,
				DAB92931255ECF2400354C8F /* NavigationAssembly.swift in Sources */,
				DA595015256E5A95000CE120 /* StoreOnboardingFinishedFacade.swift in Sources */,
				DA123EAD257E6797003CC7DC /* LogOutAssembly.swift in Sources */,
				DA595017256FD8E9000CE120 /* UIAlertAction+AlertAction.swift in Sources */,
				DAB9292E255ECE7200354C8F /* LoginLauncherController.swift in Sources */,
				DA123E7C25792C27003CC7DC /* DashboardAssembly.swift in Sources */,
				DA123E9C257A7371003CC7DC /* DeleteCredintalsKeychainFacade.swift in Sources */,
				DA123EB0257F9859003CC7DC /* LoginController.swift in Sources */,
				DA123E8325792D3C003CC7DC /* DashboardLauncherController.swift in Sources */,
				DAB92922255AC0C300354C8F /* OnboardingPageViewModel.swift in Sources */,
				DAB929032555A88500354C8F /* ScopeSpecProvider.swift in Sources */,
				DAB9290A25595B9D00354C8F /* OnboardingPresenter.swift in Sources */,
				DA123E94257A67AC003CC7DC /* StoreCredentialsKeychainInteractorImpl.swift in Sources */,
				DA123E96257A6AD7003CC7DC /* LoadCredintalsKeychainFacade.swift in Sources */,
				DAA4032C25668904006DD914 /* String+.swift in Sources */,
				DAB929062555AC4E00354C8F /* OnboardingAssembly.swift in Sources */,
				DAB928FD2555A13B00354C8F /* OnboardingController.swift in Sources */,
				DAB9290C25595C2000354C8F /* OnboardingView.swift in Sources */,
				DA59500B256C1463000CE120 /* OnobardingResource.swift in Sources */,
				DA59500D256D085E000CE120 /* OnboardingFinishedService.swift in Sources */,
				DAA4033025669009006DD914 /* AlertProviderController.swift in Sources */,
				DA123E8125792C27003CC7DC /* DashboardPresenter.swift in Sources */,
				DA123E6D2579097D003CC7DC /* StartUpController.swift in Sources */,
				DA123E7D25792C27003CC7DC /* DashboardLayout.swift in Sources */,
				DA123E7F25792C27003CC7DC /* DashboardController.swift in Sources */,
				DA595013256D4080000CE120 /* LoadOnboardingFinishedFacade.swift in Sources */,
			);
			runOnlyForDeploymentPostprocessing = 0;
		};
		DAB9290D2559601100354C8F /* Sources */ = {
			isa = PBXSourcesBuildPhase;
			buildActionMask = 2147483647;
			files = (
				DAB9291C2559622600354C8F /* OnboardingControllerTests.swift in Sources */,
				DA123ED92588FF09003CC7DC /* LoginLauncherTests.swift in Sources */,
				DA123ECF258797E8003CC7DC /* LoginPresenterTests.swift in Sources */,
				DA9EFB5E2562884D007DF94E /* TestView.swift in Sources */,
				DA123EB525810FBE003CC7DC /* StartUpControllerTests.swift in Sources */,
				DA9EFB6225628869007DF94E /* TestController.swift in Sources */,
				DA123ED12587B660003CC7DC /* LoginBuilderTests.swift in Sources */,
				DAB92935255ED23700354C8F /* OnboardingPresenterTests.swift in Sources */,
				DA123EDB2589014C003CC7DC /* DashboardLauncherTests.swift in Sources */,
				DA123ED52587C1B8003CC7DC /* DashboardPresenterTests.swift in Sources */,
				DA123ECC258783A1003CC7DC /* LoginControllerTests.swift in Sources */,
			);
			runOnlyForDeploymentPostprocessing = 0;
		};
/* End PBXSourcesBuildPhase section */

/* Begin PBXTargetDependency section */
		DAB929172559601100354C8F /* PBXTargetDependency */ = {
			isa = PBXTargetDependency;
			target = DA373828255567510003D164 /* GitHub_Learning */;
			targetProxy = DAB929162559601100354C8F /* PBXContainerItemProxy */;
		};
/* End PBXTargetDependency section */

/* Begin PBXVariantGroup section */
		DA373837255567570003D164 /* LaunchScreen.storyboard */ = {
			isa = PBXVariantGroup;
			children = (
				DA373838255567570003D164 /* Base */,
			);
			name = LaunchScreen.storyboard;
			sourceTree = "<group>";
		};
/* End PBXVariantGroup section */

/* Begin XCBuildConfiguration section */
		DA37383B255567570003D164 /* Debug */ = {
			isa = XCBuildConfiguration;
			buildSettings = {
				ALWAYS_SEARCH_USER_PATHS = NO;
				CLANG_ANALYZER_NONNULL = YES;
				CLANG_ANALYZER_NUMBER_OBJECT_CONVERSION = YES_AGGRESSIVE;
				CLANG_CXX_LANGUAGE_STANDARD = "gnu++14";
				CLANG_CXX_LIBRARY = "libc++";
				CLANG_ENABLE_MODULES = YES;
				CLANG_ENABLE_OBJC_ARC = YES;
				CLANG_ENABLE_OBJC_WEAK = YES;
				CLANG_WARN_BLOCK_CAPTURE_AUTORELEASING = YES;
				CLANG_WARN_BOOL_CONVERSION = YES;
				CLANG_WARN_COMMA = YES;
				CLANG_WARN_CONSTANT_CONVERSION = YES;
				CLANG_WARN_DEPRECATED_OBJC_IMPLEMENTATIONS = YES;
				CLANG_WARN_DIRECT_OBJC_ISA_USAGE = YES_ERROR;
				CLANG_WARN_DOCUMENTATION_COMMENTS = YES;
				CLANG_WARN_EMPTY_BODY = YES;
				CLANG_WARN_ENUM_CONVERSION = YES;
				CLANG_WARN_INFINITE_RECURSION = YES;
				CLANG_WARN_INT_CONVERSION = YES;
				CLANG_WARN_NON_LITERAL_NULL_CONVERSION = YES;
				CLANG_WARN_OBJC_IMPLICIT_RETAIN_SELF = YES;
				CLANG_WARN_OBJC_LITERAL_CONVERSION = YES;
				CLANG_WARN_OBJC_ROOT_CLASS = YES_ERROR;
				CLANG_WARN_RANGE_LOOP_ANALYSIS = YES;
				CLANG_WARN_STRICT_PROTOTYPES = YES;
				CLANG_WARN_SUSPICIOUS_MOVE = YES;
				CLANG_WARN_UNGUARDED_AVAILABILITY = YES_AGGRESSIVE;
				CLANG_WARN_UNREACHABLE_CODE = YES;
				CLANG_WARN__DUPLICATE_METHOD_MATCH = YES;
				COPY_PHASE_STRIP = NO;
				DEBUG_INFORMATION_FORMAT = dwarf;
				ENABLE_STRICT_OBJC_MSGSEND = YES;
				ENABLE_TESTABILITY = YES;
				GCC_C_LANGUAGE_STANDARD = gnu11;
				GCC_DYNAMIC_NO_PIC = NO;
				GCC_NO_COMMON_BLOCKS = YES;
				GCC_OPTIMIZATION_LEVEL = 0;
				GCC_PREPROCESSOR_DEFINITIONS = (
					"DEBUG=1",
					"$(inherited)",
				);
				GCC_WARN_64_TO_32_BIT_CONVERSION = YES;
				GCC_WARN_ABOUT_RETURN_TYPE = YES_ERROR;
				GCC_WARN_UNDECLARED_SELECTOR = YES;
				GCC_WARN_UNINITIALIZED_AUTOS = YES_AGGRESSIVE;
				GCC_WARN_UNUSED_FUNCTION = YES;
				GCC_WARN_UNUSED_VARIABLE = YES;
				IPHONEOS_DEPLOYMENT_TARGET = 13.7;
				MTL_ENABLE_DEBUG_INFO = INCLUDE_SOURCE;
				MTL_FAST_MATH = YES;
				ONLY_ACTIVE_ARCH = YES;
				SDKROOT = iphoneos;
				SWIFT_ACTIVE_COMPILATION_CONDITIONS = DEBUG;
				SWIFT_OPTIMIZATION_LEVEL = "-Onone";
			};
			name = Debug;
		};
		DA37383C255567570003D164 /* Release */ = {
			isa = XCBuildConfiguration;
			buildSettings = {
				ALWAYS_SEARCH_USER_PATHS = NO;
				CLANG_ANALYZER_NONNULL = YES;
				CLANG_ANALYZER_NUMBER_OBJECT_CONVERSION = YES_AGGRESSIVE;
				CLANG_CXX_LANGUAGE_STANDARD = "gnu++14";
				CLANG_CXX_LIBRARY = "libc++";
				CLANG_ENABLE_MODULES = YES;
				CLANG_ENABLE_OBJC_ARC = YES;
				CLANG_ENABLE_OBJC_WEAK = YES;
				CLANG_WARN_BLOCK_CAPTURE_AUTORELEASING = YES;
				CLANG_WARN_BOOL_CONVERSION = YES;
				CLANG_WARN_COMMA = YES;
				CLANG_WARN_CONSTANT_CONVERSION = YES;
				CLANG_WARN_DEPRECATED_OBJC_IMPLEMENTATIONS = YES;
				CLANG_WARN_DIRECT_OBJC_ISA_USAGE = YES_ERROR;
				CLANG_WARN_DOCUMENTATION_COMMENTS = YES;
				CLANG_WARN_EMPTY_BODY = YES;
				CLANG_WARN_ENUM_CONVERSION = YES;
				CLANG_WARN_INFINITE_RECURSION = YES;
				CLANG_WARN_INT_CONVERSION = YES;
				CLANG_WARN_NON_LITERAL_NULL_CONVERSION = YES;
				CLANG_WARN_OBJC_IMPLICIT_RETAIN_SELF = YES;
				CLANG_WARN_OBJC_LITERAL_CONVERSION = YES;
				CLANG_WARN_OBJC_ROOT_CLASS = YES_ERROR;
				CLANG_WARN_RANGE_LOOP_ANALYSIS = YES;
				CLANG_WARN_STRICT_PROTOTYPES = YES;
				CLANG_WARN_SUSPICIOUS_MOVE = YES;
				CLANG_WARN_UNGUARDED_AVAILABILITY = YES_AGGRESSIVE;
				CLANG_WARN_UNREACHABLE_CODE = YES;
				CLANG_WARN__DUPLICATE_METHOD_MATCH = YES;
				COPY_PHASE_STRIP = NO;
				DEBUG_INFORMATION_FORMAT = "dwarf-with-dsym";
				ENABLE_NS_ASSERTIONS = NO;
				ENABLE_STRICT_OBJC_MSGSEND = YES;
				GCC_C_LANGUAGE_STANDARD = gnu11;
				GCC_NO_COMMON_BLOCKS = YES;
				GCC_WARN_64_TO_32_BIT_CONVERSION = YES;
				GCC_WARN_ABOUT_RETURN_TYPE = YES_ERROR;
				GCC_WARN_UNDECLARED_SELECTOR = YES;
				GCC_WARN_UNINITIALIZED_AUTOS = YES_AGGRESSIVE;
				GCC_WARN_UNUSED_FUNCTION = YES;
				GCC_WARN_UNUSED_VARIABLE = YES;
				IPHONEOS_DEPLOYMENT_TARGET = 13.7;
				MTL_ENABLE_DEBUG_INFO = NO;
				MTL_FAST_MATH = YES;
				SDKROOT = iphoneos;
				SWIFT_COMPILATION_MODE = wholemodule;
				SWIFT_OPTIMIZATION_LEVEL = "-O";
				VALIDATE_PRODUCT = YES;
			};
			name = Release;
		};
		DA37383E255567570003D164 /* Debug */ = {
			isa = XCBuildConfiguration;
			baseConfigurationReference = 43EE5DE395A94177439DAD19 /* Pods-GitHub_Learning.debug.xcconfig */;
			buildSettings = {
				ASSETCATALOG_COMPILER_APPICON_NAME = AppIcon;
				CODE_SIGN_STYLE = Automatic;
				DEVELOPMENT_TEAM = 95CG933A63;
				INFOPLIST_FILE = GitHub_Learning/Info.plist;
				LD_RUNPATH_SEARCH_PATHS = (
					"$(inherited)",
					"@executable_path/Frameworks",
				);
				PRODUCT_BUNDLE_IDENTIFIER = "com.aminovaprvniappka.GitHub-Learning";
				PRODUCT_NAME = "$(TARGET_NAME)";
				SWIFT_VERSION = 5.0;
				TARGETED_DEVICE_FAMILY = "1,2";
			};
			name = Debug;
		};
		DA37383F255567570003D164 /* Release */ = {
			isa = XCBuildConfiguration;
			baseConfigurationReference = 92DFE6761B10F7EC28331518 /* Pods-GitHub_Learning.release.xcconfig */;
			buildSettings = {
				ASSETCATALOG_COMPILER_APPICON_NAME = AppIcon;
				CODE_SIGN_STYLE = Automatic;
				DEVELOPMENT_TEAM = 95CG933A63;
				INFOPLIST_FILE = GitHub_Learning/Info.plist;
				LD_RUNPATH_SEARCH_PATHS = (
					"$(inherited)",
					"@executable_path/Frameworks",
				);
				PRODUCT_BUNDLE_IDENTIFIER = "com.aminovaprvniappka.GitHub-Learning";
				PRODUCT_NAME = "$(TARGET_NAME)";
				SWIFT_VERSION = 5.0;
				TARGETED_DEVICE_FAMILY = "1,2";
			};
			name = Release;
		};
		DAB929182559601100354C8F /* Debug */ = {
			isa = XCBuildConfiguration;
			baseConfigurationReference = C76EEE5050A97A4B52CEC482 /* Pods-GitHub_LearningTests.debug.xcconfig */;
			buildSettings = {
				BUNDLE_LOADER = "$(TEST_HOST)";
				CODE_SIGN_STYLE = Automatic;
				DEVELOPMENT_TEAM = 95CG933A63;
				INFOPLIST_FILE = GitHub_LearningTests/Info.plist;
				LD_RUNPATH_SEARCH_PATHS = (
					"$(inherited)",
					"@executable_path/Frameworks",
					"@loader_path/Frameworks",
				);
				PRODUCT_BUNDLE_IDENTIFIER = "com.aminovaprvniappka.GitHub-LearningTests";
				PRODUCT_NAME = "$(TARGET_NAME)";
				SWIFT_VERSION = 5.0;
				TARGETED_DEVICE_FAMILY = "1,2";
				TEST_HOST = "$(BUILT_PRODUCTS_DIR)/GitHub_Learning.app/GitHub_Learning";
			};
			name = Debug;
		};
		DAB929192559601100354C8F /* Release */ = {
			isa = XCBuildConfiguration;
			baseConfigurationReference = 1D6DDAA3F874A1328B663B91 /* Pods-GitHub_LearningTests.release.xcconfig */;
			buildSettings = {
				BUNDLE_LOADER = "$(TEST_HOST)";
				CODE_SIGN_STYLE = Automatic;
				DEVELOPMENT_TEAM = 95CG933A63;
				INFOPLIST_FILE = GitHub_LearningTests/Info.plist;
				LD_RUNPATH_SEARCH_PATHS = (
					"$(inherited)",
					"@executable_path/Frameworks",
					"@loader_path/Frameworks",
				);
				PRODUCT_BUNDLE_IDENTIFIER = "com.aminovaprvniappka.GitHub-LearningTests";
				PRODUCT_NAME = "$(TARGET_NAME)";
				SWIFT_VERSION = 5.0;
				TARGETED_DEVICE_FAMILY = "1,2";
				TEST_HOST = "$(BUILT_PRODUCTS_DIR)/GitHub_Learning.app/GitHub_Learning";
			};
			name = Release;
		};
/* End XCBuildConfiguration section */

/* Begin XCConfigurationList section */
		DA373824255567510003D164 /* Build configuration list for PBXProject "GitHub_Learning" */ = {
			isa = XCConfigurationList;
			buildConfigurations = (
				DA37383B255567570003D164 /* Debug */,
				DA37383C255567570003D164 /* Release */,
			);
			defaultConfigurationIsVisible = 0;
			defaultConfigurationName = Release;
		};
		DA37383D255567570003D164 /* Build configuration list for PBXNativeTarget "GitHub_Learning" */ = {
			isa = XCConfigurationList;
			buildConfigurations = (
				DA37383E255567570003D164 /* Debug */,
				DA37383F255567570003D164 /* Release */,
			);
			defaultConfigurationIsVisible = 0;
			defaultConfigurationName = Release;
		};
		DAB9291A2559601100354C8F /* Build configuration list for PBXNativeTarget "GitHub_LearningTests" */ = {
			isa = XCConfigurationList;
			buildConfigurations = (
				DAB929182559601100354C8F /* Debug */,
				DAB929192559601100354C8F /* Release */,
			);
			defaultConfigurationIsVisible = 0;
			defaultConfigurationName = Release;
		};
/* End XCConfigurationList section */
	};
	rootObject = DA373821255567510003D164 /* Project object */;
}
