// !$*UTF8*$!
{
	archiveVersion = 1;
	classes = {
	};
	objectVersion = 51;
	objects = {

/* Begin PBXBuildFile section */
		DA37382D255567510003D164 /* AppDelegate.swift in Sources */ = {isa = PBXBuildFile; fileRef = DA37382C255567510003D164 /* AppDelegate.swift */; };
		DA37382F255567510003D164 /* SceneDelegate.swift in Sources */ = {isa = PBXBuildFile; fileRef = DA37382E255567510003D164 /* SceneDelegate.swift */; };
		DA373831255567510003D164 /* OnboardingViewController.swift in Sources */ = {isa = PBXBuildFile; fileRef = DA373830255567510003D164 /* OnboardingViewController.swift */; };
		DA373836255567570003D164 /* Assets.xcassets in Resources */ = {isa = PBXBuildFile; fileRef = DA373835255567570003D164 /* Assets.xcassets */; };
		DA373839255567570003D164 /* LaunchScreen.storyboard in Resources */ = {isa = PBXBuildFile; fileRef = DA373837255567570003D164 /* LaunchScreen.storyboard */; };
		DA9EFB5225617718007DF94E /* LoginController.swift in Sources */ = {isa = PBXBuildFile; fileRef = DA9EFB5125617718007DF94E /* LoginController.swift */; };
		DA9EFB5525617DB4007DF94E /* Wireframe.swift in Sources */ = {isa = PBXBuildFile; fileRef = DA9EFB5425617DB4007DF94E /* Wireframe.swift */; };
		DA9EFB5725617EEA007DF94E /* WireframeImpl.swift in Sources */ = {isa = PBXBuildFile; fileRef = DA9EFB5625617EEA007DF94E /* WireframeImpl.swift */; };
		DA9EFB5E2562884D007DF94E /* TestView.swift in Sources */ = {isa = PBXBuildFile; fileRef = DA9EFB5D2562884D007DF94E /* TestView.swift */; };
		DA9EFB6225628869007DF94E /* TestController.swift in Sources */ = {isa = PBXBuildFile; fileRef = DA9EFB6125628869007DF94E /* TestController.swift */; };
		DA9EFB662562ACB7007DF94E /* LoginViewController.swift in Sources */ = {isa = PBXBuildFile; fileRef = DA9EFB652562ACB7007DF94E /* LoginViewController.swift */; };
		DA9EFB682562AED0007DF94E /* LoginAssembly.swift in Sources */ = {isa = PBXBuildFile; fileRef = DA9EFB672562AED0007DF94E /* LoginAssembly.swift */; };
		DA9EFB6A2562AFBA007DF94E /* LoginPresenter.swift in Sources */ = {isa = PBXBuildFile; fileRef = DA9EFB692562AFBA007DF94E /* LoginPresenter.swift */; };
		DA9EFB6C2562B04E007DF94E /* LoginView.swift in Sources */ = {isa = PBXBuildFile; fileRef = DA9EFB6B2562B04E007DF94E /* LoginView.swift */; };
		DA9EFB6E2562B6E6007DF94E /* UIWindow+topViewController.swift in Sources */ = {isa = PBXBuildFile; fileRef = DA9EFB6D2562B6E6007DF94E /* UIWindow+topViewController.swift */; };
		DA9EFB702562BC61007DF94E /* LoginLayout.swift in Sources */ = {isa = PBXBuildFile; fileRef = DA9EFB6F2562BC61007DF94E /* LoginLayout.swift */; };
		DA9EFB722563DA77007DF94E /* PersistancyController.swift in Sources */ = {isa = PBXBuildFile; fileRef = DA9EFB712563DA77007DF94E /* PersistancyController.swift */; };
		DA9EFB772563DF7F007DF94E /* PersistancyAssembly.swift in Sources */ = {isa = PBXBuildFile; fileRef = DA9EFB762563DF7F007DF94E /* PersistancyAssembly.swift */; };
		DAB928FB25559FDC00354C8F /* OnboardingPage.swift in Sources */ = {isa = PBXBuildFile; fileRef = DAB928FA25559FDC00354C8F /* OnboardingPage.swift */; };
		DAB928FD2555A13B00354C8F /* OnboardingController.swift in Sources */ = {isa = PBXBuildFile; fileRef = DAB928FC2555A13B00354C8F /* OnboardingController.swift */; };
		DAB929012555A87200354C8F /* ScopeSpec.swift in Sources */ = {isa = PBXBuildFile; fileRef = DAB929002555A87200354C8F /* ScopeSpec.swift */; };
		DAB929032555A88500354C8F /* ScopeSpecProvider.swift in Sources */ = {isa = PBXBuildFile; fileRef = DAB929022555A88500354C8F /* ScopeSpecProvider.swift */; };
		DAB929062555AC4E00354C8F /* OnboardingAssembly.swift in Sources */ = {isa = PBXBuildFile; fileRef = DAB929052555AC4E00354C8F /* OnboardingAssembly.swift */; };
		DAB929082559513A00354C8F /* OnboardingLayout.swift in Sources */ = {isa = PBXBuildFile; fileRef = DAB929072559513A00354C8F /* OnboardingLayout.swift */; };
		DAB9290A25595B9D00354C8F /* OnboardingPresenter.swift in Sources */ = {isa = PBXBuildFile; fileRef = DAB9290925595B9D00354C8F /* OnboardingPresenter.swift */; };
		DAB9290C25595C2000354C8F /* OnboardingView.swift in Sources */ = {isa = PBXBuildFile; fileRef = DAB9290B25595C2000354C8F /* OnboardingView.swift */; };
		DAB9291C2559622600354C8F /* OnboardingControllerTests.swift in Sources */ = {isa = PBXBuildFile; fileRef = DAB9291B2559622600354C8F /* OnboardingControllerTests.swift */; };
		DAB92920255AA95B00354C8F /* OnboardingCell.swift in Sources */ = {isa = PBXBuildFile; fileRef = DAB9291F255AA95B00354C8F /* OnboardingCell.swift */; };
		DAB92922255AC0C300354C8F /* OnboardingPageViewModel.swift in Sources */ = {isa = PBXBuildFile; fileRef = DAB92921255AC0C300354C8F /* OnboardingPageViewModel.swift */; };
		DAB9292E255ECE7200354C8F /* LoginLauncherController.swift in Sources */ = {isa = PBXBuildFile; fileRef = DAB9292D255ECE7200354C8F /* LoginLauncherController.swift */; };
		DAB92931255ECF2400354C8F /* NavigationAssembly.swift in Sources */ = {isa = PBXBuildFile; fileRef = DAB92930255ECF2400354C8F /* NavigationAssembly.swift */; };
		DAB92935255ED23700354C8F /* OnboardingPresenterTests.swift in Sources */ = {isa = PBXBuildFile; fileRef = DAB92934255ED23700354C8F /* OnboardingPresenterTests.swift */; };
		E928E103F1228086DD54BC39 /* Pods_GitHub_LearningTests.framework in Frameworks */ = {isa = PBXBuildFile; fileRef = 958307D4623D91FB6A85D094 /* Pods_GitHub_LearningTests.framework */; };
		F208FDC4F7D2731E652F8BD5 /* Pods_GitHub_Learning.framework in Frameworks */ = {isa = PBXBuildFile; fileRef = 7629A38C2E5C6CBF341BC957 /* Pods_GitHub_Learning.framework */; };
/* End PBXBuildFile section */

/* Begin PBXContainerItemProxy section */
		DAB929162559601100354C8F /* PBXContainerItemProxy */ = {
			isa = PBXContainerItemProxy;
			containerPortal = DA373821255567510003D164 /* Project object */;
			proxyType = 1;
			remoteGlobalIDString = DA373828255567510003D164;
			remoteInfo = GitHub_Learning;
		};
/* End PBXContainerItemProxy section */

/* Begin PBXFileReference section */
		1D6DDAA3F874A1328B663B91 /* Pods-GitHub_LearningTests.release.xcconfig */ = {isa = PBXFileReference; includeInIndex = 1; lastKnownFileType = text.xcconfig; name = "Pods-GitHub_LearningTests.release.xcconfig"; path = "Target Support Files/Pods-GitHub_LearningTests/Pods-GitHub_LearningTests.release.xcconfig"; sourceTree = "<group>"; };
		43EE5DE395A94177439DAD19 /* Pods-GitHub_Learning.debug.xcconfig */ = {isa = PBXFileReference; includeInIndex = 1; lastKnownFileType = text.xcconfig; name = "Pods-GitHub_Learning.debug.xcconfig"; path = "Target Support Files/Pods-GitHub_Learning/Pods-GitHub_Learning.debug.xcconfig"; sourceTree = "<group>"; };
		7629A38C2E5C6CBF341BC957 /* Pods_GitHub_Learning.framework */ = {isa = PBXFileReference; explicitFileType = wrapper.framework; includeInIndex = 0; path = Pods_GitHub_Learning.framework; sourceTree = BUILT_PRODUCTS_DIR; };
		92DFE6761B10F7EC28331518 /* Pods-GitHub_Learning.release.xcconfig */ = {isa = PBXFileReference; includeInIndex = 1; lastKnownFileType = text.xcconfig; name = "Pods-GitHub_Learning.release.xcconfig"; path = "Target Support Files/Pods-GitHub_Learning/Pods-GitHub_Learning.release.xcconfig"; sourceTree = "<group>"; };
		958307D4623D91FB6A85D094 /* Pods_GitHub_LearningTests.framework */ = {isa = PBXFileReference; explicitFileType = wrapper.framework; includeInIndex = 0; path = Pods_GitHub_LearningTests.framework; sourceTree = BUILT_PRODUCTS_DIR; };
		C76EEE5050A97A4B52CEC482 /* Pods-GitHub_LearningTests.debug.xcconfig */ = {isa = PBXFileReference; includeInIndex = 1; lastKnownFileType = text.xcconfig; name = "Pods-GitHub_LearningTests.debug.xcconfig"; path = "Target Support Files/Pods-GitHub_LearningTests/Pods-GitHub_LearningTests.debug.xcconfig"; sourceTree = "<group>"; };
		DA373829255567510003D164 /* GitHub_Learning.app */ = {isa = PBXFileReference; explicitFileType = wrapper.application; includeInIndex = 0; path = GitHub_Learning.app; sourceTree = BUILT_PRODUCTS_DIR; };
		DA37382C255567510003D164 /* AppDelegate.swift */ = {isa = PBXFileReference; lastKnownFileType = sourcecode.swift; path = AppDelegate.swift; sourceTree = "<group>"; };
		DA37382E255567510003D164 /* SceneDelegate.swift */ = {isa = PBXFileReference; lastKnownFileType = sourcecode.swift; path = SceneDelegate.swift; sourceTree = "<group>"; };
		DA373830255567510003D164 /* OnboardingViewController.swift */ = {isa = PBXFileReference; lastKnownFileType = sourcecode.swift; path = OnboardingViewController.swift; sourceTree = "<group>"; };
		DA373835255567570003D164 /* Assets.xcassets */ = {isa = PBXFileReference; lastKnownFileType = folder.assetcatalog; path = Assets.xcassets; sourceTree = "<group>"; };
		DA373838255567570003D164 /* Base */ = {isa = PBXFileReference; lastKnownFileType = file.storyboard; name = Base; path = Base.lproj/LaunchScreen.storyboard; sourceTree = "<group>"; };
		DA37383A255567570003D164 /* Info.plist */ = {isa = PBXFileReference; lastKnownFileType = text.plist.xml; path = Info.plist; sourceTree = "<group>"; };
		DA9EFB5125617718007DF94E /* LoginController.swift */ = {isa = PBXFileReference; lastKnownFileType = sourcecode.swift; path = LoginController.swift; sourceTree = "<group>"; };
		DA9EFB5425617DB4007DF94E /* Wireframe.swift */ = {isa = PBXFileReference; lastKnownFileType = sourcecode.swift; path = Wireframe.swift; sourceTree = "<group>"; };
		DA9EFB5625617EEA007DF94E /* WireframeImpl.swift */ = {isa = PBXFileReference; lastKnownFileType = sourcecode.swift; path = WireframeImpl.swift; sourceTree = "<group>"; };
		DA9EFB5D2562884D007DF94E /* TestView.swift */ = {isa = PBXFileReference; lastKnownFileType = sourcecode.swift; path = TestView.swift; sourceTree = "<group>"; };
		DA9EFB6125628869007DF94E /* TestController.swift */ = {isa = PBXFileReference; lastKnownFileType = sourcecode.swift; path = TestController.swift; sourceTree = "<group>"; };
		DA9EFB652562ACB7007DF94E /* LoginViewController.swift */ = {isa = PBXFileReference; lastKnownFileType = sourcecode.swift; path = LoginViewController.swift; sourceTree = "<group>"; };
		DA9EFB672562AED0007DF94E /* LoginAssembly.swift */ = {isa = PBXFileReference; lastKnownFileType = sourcecode.swift; path = LoginAssembly.swift; sourceTree = "<group>"; };
		DA9EFB692562AFBA007DF94E /* LoginPresenter.swift */ = {isa = PBXFileReference; lastKnownFileType = sourcecode.swift; path = LoginPresenter.swift; sourceTree = "<group>"; };
		DA9EFB6B2562B04E007DF94E /* LoginView.swift */ = {isa = PBXFileReference; lastKnownFileType = sourcecode.swift; path = LoginView.swift; sourceTree = "<group>"; };
		DA9EFB6D2562B6E6007DF94E /* UIWindow+topViewController.swift */ = {isa = PBXFileReference; lastKnownFileType = sourcecode.swift; path = "UIWindow+topViewController.swift"; sourceTree = "<group>"; };
		DA9EFB6F2562BC61007DF94E /* LoginLayout.swift */ = {isa = PBXFileReference; lastKnownFileType = sourcecode.swift; path = LoginLayout.swift; sourceTree = "<group>"; };
		DA9EFB712563DA77007DF94E /* PersistancyController.swift */ = {isa = PBXFileReference; lastKnownFileType = sourcecode.swift; path = PersistancyController.swift; sourceTree = "<group>"; };
		DA9EFB762563DF7F007DF94E /* PersistancyAssembly.swift */ = {isa = PBXFileReference; lastKnownFileType = sourcecode.swift; path = PersistancyAssembly.swift; sourceTree = "<group>"; };
		DAB928FA25559FDC00354C8F /* OnboardingPage.swift */ = {isa = PBXFileReference; lastKnownFileType = sourcecode.swift; path = OnboardingPage.swift; sourceTree = "<group>"; };
		DAB928FC2555A13B00354C8F /* OnboardingController.swift */ = {isa = PBXFileReference; lastKnownFileType = sourcecode.swift; path = OnboardingController.swift; sourceTree = "<group>"; };
		DAB929002555A87200354C8F /* ScopeSpec.swift */ = {isa = PBXFileReference; lastKnownFileType = sourcecode.swift; path = ScopeSpec.swift; sourceTree = "<group>"; };
		DAB929022555A88500354C8F /* ScopeSpecProvider.swift */ = {isa = PBXFileReference; lastKnownFileType = sourcecode.swift; path = ScopeSpecProvider.swift; sourceTree = "<group>"; };
		DAB929052555AC4E00354C8F /* OnboardingAssembly.swift */ = {isa = PBXFileReference; lastKnownFileType = sourcecode.swift; path = OnboardingAssembly.swift; sourceTree = "<group>"; };
		DAB929072559513A00354C8F /* OnboardingLayout.swift */ = {isa = PBXFileReference; lastKnownFileType = sourcecode.swift; path = OnboardingLayout.swift; sourceTree = "<group>"; };
		DAB9290925595B9D00354C8F /* OnboardingPresenter.swift */ = {isa = PBXFileReference; lastKnownFileType = sourcecode.swift; path = OnboardingPresenter.swift; sourceTree = "<group>"; };
		DAB9290B25595C2000354C8F /* OnboardingView.swift */ = {isa = PBXFileReference; lastKnownFileType = sourcecode.swift; path = OnboardingView.swift; sourceTree = "<group>"; };
		DAB929112559601100354C8F /* GitHub_LearningTests.xctest */ = {isa = PBXFileReference; explicitFileType = wrapper.cfbundle; includeInIndex = 0; path = GitHub_LearningTests.xctest; sourceTree = BUILT_PRODUCTS_DIR; };
		DAB929152559601100354C8F /* Info.plist */ = {isa = PBXFileReference; lastKnownFileType = text.plist.xml; path = Info.plist; sourceTree = "<group>"; };
		DAB9291B2559622600354C8F /* OnboardingControllerTests.swift */ = {isa = PBXFileReference; lastKnownFileType = sourcecode.swift; path = OnboardingControllerTests.swift; sourceTree = "<group>"; };
		DAB9291F255AA95B00354C8F /* OnboardingCell.swift */ = {isa = PBXFileReference; lastKnownFileType = sourcecode.swift; path = OnboardingCell.swift; sourceTree = "<group>"; };
		DAB92921255AC0C300354C8F /* OnboardingPageViewModel.swift */ = {isa = PBXFileReference; lastKnownFileType = sourcecode.swift; path = OnboardingPageViewModel.swift; sourceTree = "<group>"; };
		DAB9292D255ECE7200354C8F /* LoginLauncherController.swift */ = {isa = PBXFileReference; lastKnownFileType = sourcecode.swift; path = LoginLauncherController.swift; sourceTree = "<group>"; };
		DAB92930255ECF2400354C8F /* NavigationAssembly.swift */ = {isa = PBXFileReference; lastKnownFileType = sourcecode.swift; path = NavigationAssembly.swift; sourceTree = "<group>"; };
		DAB92934255ED23700354C8F /* OnboardingPresenterTests.swift */ = {isa = PBXFileReference; lastKnownFileType = sourcecode.swift; path = OnboardingPresenterTests.swift; sourceTree = "<group>"; };
/* End PBXFileReference section */

/* Begin PBXFrameworksBuildPhase section */
		DA373826255567510003D164 /* Frameworks */ = {
			isa = PBXFrameworksBuildPhase;
			buildActionMask = 2147483647;
			files = (
				F208FDC4F7D2731E652F8BD5 /* Pods_GitHub_Learning.framework in Frameworks */,
			);
			runOnlyForDeploymentPostprocessing = 0;
		};
		DAB9290E2559601100354C8F /* Frameworks */ = {
			isa = PBXFrameworksBuildPhase;
			buildActionMask = 2147483647;
			files = (
				E928E103F1228086DD54BC39 /* Pods_GitHub_LearningTests.framework in Frameworks */,
			);
			runOnlyForDeploymentPostprocessing = 0;
		};
/* End PBXFrameworksBuildPhase section */

/* Begin PBXGroup section */
		CCDDFF0A11FE565B3DE8564D /* Frameworks */ = {
			isa = PBXGroup;
			children = (
				7629A38C2E5C6CBF341BC957 /* Pods_GitHub_Learning.framework */,
				958307D4623D91FB6A85D094 /* Pods_GitHub_LearningTests.framework */,
			);
			name = Frameworks;
			sourceTree = "<group>";
		};
		CF85B6628FB7B34B3C167C10 /* Pods */ = {
			isa = PBXGroup;
			children = (
				43EE5DE395A94177439DAD19 /* Pods-GitHub_Learning.debug.xcconfig */,
				92DFE6761B10F7EC28331518 /* Pods-GitHub_Learning.release.xcconfig */,
				C76EEE5050A97A4B52CEC482 /* Pods-GitHub_LearningTests.debug.xcconfig */,
				1D6DDAA3F874A1328B663B91 /* Pods-GitHub_LearningTests.release.xcconfig */,
			);
			path = Pods;
			sourceTree = "<group>";
		};
		DA373820255567510003D164 = {
			isa = PBXGroup;
			children = (
				DA37382B255567510003D164 /* GitHub_Learning */,
				DAB929122559601100354C8F /* GitHub_LearningTests */,
				DA37382A255567510003D164 /* Products */,
				CF85B6628FB7B34B3C167C10 /* Pods */,
				CCDDFF0A11FE565B3DE8564D /* Frameworks */,
			);
			sourceTree = "<group>";
		};
		DA37382A255567510003D164 /* Products */ = {
			isa = PBXGroup;
			children = (
				DA373829255567510003D164 /* GitHub_Learning.app */,
				DAB929112559601100354C8F /* GitHub_LearningTests.xctest */,
			);
			name = Products;
			sourceTree = "<group>";
		};
		DA37382B255567510003D164 /* GitHub_Learning */ = {
			isa = PBXGroup;
			children = (
				DA37383A255567570003D164 /* Info.plist */,
				DAB928F425559DA800354C8F /* App */,
				DAB9292A255EC6F900354C8F /* Generic */,
				DAB928F225559D8800354C8F /* Feature */,
			);
			path = GitHub_Learning;
			sourceTree = "<group>";
		};
		DA9EFB5325617D50007DF94E /* View */ = {
			isa = PBXGroup;
			children = (
				DA9EFB5625617EEA007DF94E /* WireframeImpl.swift */,
				DA9EFB6D2562B6E6007DF94E /* UIWindow+topViewController.swift */,
			);
			path = View;
			sourceTree = "<group>";
		};
		DA9EFB582562879C007DF94E /* Generic */ = {
			isa = PBXGroup;
			children = (
				DA9EFB5B2562881A007DF94E /* Fakes */,
			);
			path = Generic;
			sourceTree = "<group>";
		};
		DA9EFB59256287CE007DF94E /* Presentation */ = {
			isa = PBXGroup;
			children = (
			);
			path = Presentation;
			sourceTree = "<group>";
		};
		DA9EFB5A256287F3007DF94E /* Application */ = {
			isa = PBXGroup;
			children = (
				DA9EFB6125628869007DF94E /* TestController.swift */,
			);
			path = Application;
			sourceTree = "<group>";
		};
		DA9EFB5B2562881A007DF94E /* Fakes */ = {
			isa = PBXGroup;
			children = (
				DA9EFB5C25628838007DF94E /* View */,
				DA9EFB59256287CE007DF94E /* Presentation */,
				DA9EFB5A256287F3007DF94E /* Application */,
			);
			path = Fakes;
			sourceTree = "<group>";
		};
		DA9EFB5C25628838007DF94E /* View */ = {
			isa = PBXGroup;
			children = (
				DA9EFB5D2562884D007DF94E /* TestView.swift */,
			);
			path = View;
			sourceTree = "<group>";
		};
		DA9EFB732563DF21007DF94E /* Persistancy */ = {
			isa = PBXGroup;
			children = (
				DA9EFB752563DF6A007DF94E /* Injection */,
				DA9EFB742563DF4A007DF94E /* Application */,
			);
			path = Persistancy;
			sourceTree = "<group>";
		};
		DA9EFB742563DF4A007DF94E /* Application */ = {
			isa = PBXGroup;
			children = (
				DA9EFB712563DA77007DF94E /* PersistancyController.swift */,
			);
			path = Application;
			sourceTree = "<group>";
		};
		DA9EFB752563DF6A007DF94E /* Injection */ = {
			isa = PBXGroup;
			children = (
				DA9EFB762563DF7F007DF94E /* PersistancyAssembly.swift */,
			);
			path = Injection;
			sourceTree = "<group>";
		};
		DAB928F225559D8800354C8F /* Feature */ = {
			isa = PBXGroup;
			children = (
				DAB92923255EC66E00354C8F /* Login */,
				DAB928F325559D9600354C8F /* Onboarding */,
			);
			path = Feature;
			sourceTree = "<group>";
		};
		DAB928F325559D9600354C8F /* Onboarding */ = {
			isa = PBXGroup;
			children = (
				DAB928FE2555A80700354C8F /* Injection */,
				DAB928F525559DC200354C8F /* View */,
				DAB928F625559E1400354C8F /* Presentation */,
				DAB928F725559E2000354C8F /* Application */,
				DAB928F825559E2600354C8F /* Resources */,
				DAB928F925559E3300354C8F /* Domain */,
			);
			path = Onboarding;
			sourceTree = "<group>";
		};
		DAB928F425559DA800354C8F /* App */ = {
			isa = PBXGroup;
			children = (
				DAB928FF2555A84D00354C8F /* ScopeManagment */,
				DA37382C255567510003D164 /* AppDelegate.swift */,
				DA37382E255567510003D164 /* SceneDelegate.swift */,
				DA373835255567570003D164 /* Assets.xcassets */,
				DA373837255567570003D164 /* LaunchScreen.storyboard */,
			);
			path = App;
			sourceTree = "<group>";
		};
		DAB928F525559DC200354C8F /* View */ = {
			isa = PBXGroup;
			children = (
				DA373830255567510003D164 /* OnboardingViewController.swift */,
				DAB929072559513A00354C8F /* OnboardingLayout.swift */,
				DAB9291F255AA95B00354C8F /* OnboardingCell.swift */,
			);
			path = View;
			sourceTree = "<group>";
		};
		DAB928F625559E1400354C8F /* Presentation */ = {
			isa = PBXGroup;
			children = (
				DAB92921255AC0C300354C8F /* OnboardingPageViewModel.swift */,
				DAB9290925595B9D00354C8F /* OnboardingPresenter.swift */,
				DAB9290B25595C2000354C8F /* OnboardingView.swift */,
			);
			path = Presentation;
			sourceTree = "<group>";
		};
		DAB928F725559E2000354C8F /* Application */ = {
			isa = PBXGroup;
			children = (
				DAB928FC2555A13B00354C8F /* OnboardingController.swift */,
			);
			path = Application;
			sourceTree = "<group>";
		};
		DAB928F825559E2600354C8F /* Resources */ = {
			isa = PBXGroup;
			children = (
			);
			path = Resources;
			sourceTree = "<group>";
		};
		DAB928F925559E3300354C8F /* Domain */ = {
			isa = PBXGroup;
			children = (
				DAB928FA25559FDC00354C8F /* OnboardingPage.swift */,
			);
			path = Domain;
			sourceTree = "<group>";
		};
		DAB928FE2555A80700354C8F /* Injection */ = {
			isa = PBXGroup;
			children = (
				DAB929052555AC4E00354C8F /* OnboardingAssembly.swift */,
			);
			path = Injection;
			sourceTree = "<group>";
		};
		DAB928FF2555A84D00354C8F /* ScopeManagment */ = {
			isa = PBXGroup;
			children = (
				DAB929042555A88E00354C8F /* Injection */,
			);
			path = ScopeManagment;
			sourceTree = "<group>";
		};
		DAB929042555A88E00354C8F /* Injection */ = {
			isa = PBXGroup;
			children = (
				DAB929002555A87200354C8F /* ScopeSpec.swift */,
				DAB929022555A88500354C8F /* ScopeSpecProvider.swift */,
			);
			path = Injection;
			sourceTree = "<group>";
		};
		DAB929122559601100354C8F /* GitHub_LearningTests */ = {
			isa = PBXGroup;
			children = (
				DA9EFB582562879C007DF94E /* Generic */,
				DAB9291D255A9B5000354C8F /* Feature */,
				DAB929152559601100354C8F /* Info.plist */,
			);
			path = GitHub_LearningTests;
			sourceTree = "<group>";
		};
		DAB9291D255A9B5000354C8F /* Feature */ = {
			isa = PBXGroup;
			children = (
				DAB9291E255A9B5B00354C8F /* Onboarding */,
			);
			path = Feature;
			sourceTree = "<group>";
		};
		DAB9291E255A9B5B00354C8F /* Onboarding */ = {
			isa = PBXGroup;
			children = (
				DAB92933255ED21A00354C8F /* Presentation */,
				DAB92932255ED21100354C8F /* Application */,
			);
			path = Onboarding;
			sourceTree = "<group>";
		};
		DAB92923255EC66E00354C8F /* Login */ = {
			isa = PBXGroup;
			children = (
				DAB92924255EC68200354C8F /* Injection */,
				DAB92925255EC68E00354C8F /* View */,
				DAB92926255EC6A100354C8F /* Presentation */,
				DAB92927255EC6AB00354C8F /* Application */,
				DAB92928255EC6B400354C8F /* Resources */,
				DAB92929255EC6BE00354C8F /* Domain */,
			);
			path = Login;
			sourceTree = "<group>";
		};
		DAB92924255EC68200354C8F /* Injection */ = {
			isa = PBXGroup;
			children = (
				DA9EFB672562AED0007DF94E /* LoginAssembly.swift */,
			);
			path = Injection;
			sourceTree = "<group>";
		};
		DAB92925255EC68E00354C8F /* View */ = {
			isa = PBXGroup;
			children = (
				DA9EFB652562ACB7007DF94E /* LoginViewController.swift */,
				DA9EFB6F2562BC61007DF94E /* LoginLayout.swift */,
			);
			path = View;
			sourceTree = "<group>";
		};
		DAB92926255EC6A100354C8F /* Presentation */ = {
			isa = PBXGroup;
			children = (
				DA9EFB692562AFBA007DF94E /* LoginPresenter.swift */,
				DA9EFB6B2562B04E007DF94E /* LoginView.swift */,
			);
			path = Presentation;
			sourceTree = "<group>";
		};
		DAB92927255EC6AB00354C8F /* Application */ = {
			isa = PBXGroup;
			children = (
				DA9EFB5125617718007DF94E /* LoginController.swift */,
			);
			path = Application;
			sourceTree = "<group>";
		};
		DAB92928255EC6B400354C8F /* Resources */ = {
			isa = PBXGroup;
			children = (
			);
			path = Resources;
			sourceTree = "<group>";
		};
		DAB92929255EC6BE00354C8F /* Domain */ = {
			isa = PBXGroup;
			children = (
			);
			path = Domain;
			sourceTree = "<group>";
		};
		DAB9292A255EC6F900354C8F /* Generic */ = {
			isa = PBXGroup;
			children = (
				DA9EFB732563DF21007DF94E /* Persistancy */,
				DAB9292B255EC71700354C8F /* Navigation */,
			);
			path = Generic;
			sourceTree = "<group>";
		};
		DAB9292B255EC71700354C8F /* Navigation */ = {
			isa = PBXGroup;
			children = (
				DAB9292F255ECF0500354C8F /* Injection */,
				DA9EFB5325617D50007DF94E /* View */,
				DAB9292C255ECE5000354C8F /* Application */,
			);
			path = Navigation;
			sourceTree = "<group>";
		};
		DAB9292C255ECE5000354C8F /* Application */ = {
			isa = PBXGroup;
			children = (
				DAB9292D255ECE7200354C8F /* LoginLauncherController.swift */,
				DA9EFB5425617DB4007DF94E /* Wireframe.swift */,
			);
			path = Application;
			sourceTree = "<group>";
		};
		DAB9292F255ECF0500354C8F /* Injection */ = {
			isa = PBXGroup;
			children = (
				DAB92930255ECF2400354C8F /* NavigationAssembly.swift */,
			);
			path = Injection;
			sourceTree = "<group>";
		};
		DAB92932255ED21100354C8F /* Application */ = {
			isa = PBXGroup;
			children = (
				DAB9291B2559622600354C8F /* OnboardingControllerTests.swift */,
			);
			path = Application;
			sourceTree = "<group>";
		};
		DAB92933255ED21A00354C8F /* Presentation */ = {
			isa = PBXGroup;
			children = (
				DAB92934255ED23700354C8F /* OnboardingPresenterTests.swift */,
			);
			path = Presentation;
			sourceTree = "<group>";
		};
/* End PBXGroup section */

/* Begin PBXNativeTarget section */
		DA373828255567510003D164 /* GitHub_Learning */ = {
			isa = PBXNativeTarget;
			buildConfigurationList = DA37383D255567570003D164 /* Build configuration list for PBXNativeTarget "GitHub_Learning" */;
			buildPhases = (
				CB9DAA6758423521B43F930F /* [CP] Check Pods Manifest.lock */,
				DA373825255567510003D164 /* Sources */,
				DA373826255567510003D164 /* Frameworks */,
				DA373827255567510003D164 /* Resources */,
				9D836B6EBE094448194BD2D4 /* [CP] Embed Pods Frameworks */,
			);
			buildRules = (
			);
			dependencies = (
			);
			name = GitHub_Learning;
			productName = GitHub_Learning;
			productReference = DA373829255567510003D164 /* GitHub_Learning.app */;
			productType = "com.apple.product-type.application";
		};
		DAB929102559601100354C8F /* GitHub_LearningTests */ = {
			isa = PBXNativeTarget;
			buildConfigurationList = DAB9291A2559601100354C8F /* Build configuration list for PBXNativeTarget "GitHub_LearningTests" */;
			buildPhases = (
				9B6FDD162C2598E4F055963F /* [CP] Check Pods Manifest.lock */,
				DAB9290D2559601100354C8F /* Sources */,
				DAB9290E2559601100354C8F /* Frameworks */,
				DAB9290F2559601100354C8F /* Resources */,
				75EEE77DDBF949748339A186 /* [CP] Embed Pods Frameworks */,
			);
			buildRules = (
			);
			dependencies = (
				DAB929172559601100354C8F /* PBXTargetDependency */,
			);
			name = GitHub_LearningTests;
			productName = GitHub_LearningTests;
			productReference = DAB929112559601100354C8F /* GitHub_LearningTests.xctest */;
			productType = "com.apple.product-type.bundle.unit-test";
		};
/* End PBXNativeTarget section */

/* Begin PBXProject section */
		DA373821255567510003D164 /* Project object */ = {
			isa = PBXProject;
			attributes = {
				LastSwiftUpdateCheck = 1170;
				LastUpgradeCheck = 1170;
				ORGANIZATIONNAME = Amin_Second_Test_Project;
				TargetAttributes = {
					DA373828255567510003D164 = {
						CreatedOnToolsVersion = 11.7;
					};
					DAB929102559601100354C8F = {
						CreatedOnToolsVersion = 11.7;
						TestTargetID = DA373828255567510003D164;
					};
				};
			};
			buildConfigurationList = DA373824255567510003D164 /* Build configuration list for PBXProject "GitHub_Learning" */;
			compatibilityVersion = "Xcode 9.3";
			developmentRegion = en;
			hasScannedForEncodings = 0;
			knownRegions = (
				en,
				Base,
			);
			mainGroup = DA373820255567510003D164;
			productRefGroup = DA37382A255567510003D164 /* Products */;
			projectDirPath = "";
			projectRoot = "";
			targets = (
				DA373828255567510003D164 /* GitHub_Learning */,
				DAB929102559601100354C8F /* GitHub_LearningTests */,
			);
		};
/* End PBXProject section */

/* Begin PBXResourcesBuildPhase section */
		DA373827255567510003D164 /* Resources */ = {
			isa = PBXResourcesBuildPhase;
			buildActionMask = 2147483647;
			files = (
				DA373839255567570003D164 /* LaunchScreen.storyboard in Resources */,
				DA373836255567570003D164 /* Assets.xcassets in Resources */,
			);
			runOnlyForDeploymentPostprocessing = 0;
		};
		DAB9290F2559601100354C8F /* Resources */ = {
			isa = PBXResourcesBuildPhase;
			buildActionMask = 2147483647;
			files = (
			);
			runOnlyForDeploymentPostprocessing = 0;
		};
/* End PBXResourcesBuildPhase section */

/* Begin PBXShellScriptBuildPhase section */
		75EEE77DDBF949748339A186 /* [CP] Embed Pods Frameworks */ = {
			isa = PBXShellScriptBuildPhase;
			buildActionMask = 2147483647;
			files = (
			);
			inputFileListPaths = (
				"${PODS_ROOT}/Target Support Files/Pods-GitHub_LearningTests/Pods-GitHub_LearningTests-frameworks-${CONFIGURATION}-input-files.xcfilelist",
			);
			name = "[CP] Embed Pods Frameworks";
			outputFileListPaths = (
				"${PODS_ROOT}/Target Support Files/Pods-GitHub_LearningTests/Pods-GitHub_LearningTests-frameworks-${CONFIGURATION}-output-files.xcfilelist",
			);
			runOnlyForDeploymentPostprocessing = 0;
			shellPath = /bin/sh;
			shellScript = "\"${PODS_ROOT}/Target Support Files/Pods-GitHub_LearningTests/Pods-GitHub_LearningTests-frameworks.sh\"\n";
			showEnvVarsInLog = 0;
		};
		9B6FDD162C2598E4F055963F /* [CP] Check Pods Manifest.lock */ = {
			isa = PBXShellScriptBuildPhase;
			buildActionMask = 2147483647;
			files = (
			);
			inputFileListPaths = (
			);
			inputPaths = (
				"${PODS_PODFILE_DIR_PATH}/Podfile.lock",
				"${PODS_ROOT}/Manifest.lock",
			);
			name = "[CP] Check Pods Manifest.lock";
			outputFileListPaths = (
			);
			outputPaths = (
				"$(DERIVED_FILE_DIR)/Pods-GitHub_LearningTests-checkManifestLockResult.txt",
			);
			runOnlyForDeploymentPostprocessing = 0;
			shellPath = /bin/sh;
			shellScript = "diff \"${PODS_PODFILE_DIR_PATH}/Podfile.lock\" \"${PODS_ROOT}/Manifest.lock\" > /dev/null\nif [ $? != 0 ] ; then\n    # print error to STDERR\n    echo \"error: The sandbox is not in sync with the Podfile.lock. Run 'pod install' or update your CocoaPods installation.\" >&2\n    exit 1\nfi\n# This output is used by Xcode 'outputs' to avoid re-running this script phase.\necho \"SUCCESS\" > \"${SCRIPT_OUTPUT_FILE_0}\"\n";
			showEnvVarsInLog = 0;
		};
		9D836B6EBE094448194BD2D4 /* [CP] Embed Pods Frameworks */ = {
			isa = PBXShellScriptBuildPhase;
			buildActionMask = 2147483647;
			files = (
			);
			inputFileListPaths = (
				"${PODS_ROOT}/Target Support Files/Pods-GitHub_Learning/Pods-GitHub_Learning-frameworks-${CONFIGURATION}-input-files.xcfilelist",
			);
			name = "[CP] Embed Pods Frameworks";
			outputFileListPaths = (
				"${PODS_ROOT}/Target Support Files/Pods-GitHub_Learning/Pods-GitHub_Learning-frameworks-${CONFIGURATION}-output-files.xcfilelist",
			);
			runOnlyForDeploymentPostprocessing = 0;
			shellPath = /bin/sh;
			shellScript = "\"${PODS_ROOT}/Target Support Files/Pods-GitHub_Learning/Pods-GitHub_Learning-frameworks.sh\"\n";
			showEnvVarsInLog = 0;
		};
		CB9DAA6758423521B43F930F /* [CP] Check Pods Manifest.lock */ = {
			isa = PBXShellScriptBuildPhase;
			buildActionMask = 2147483647;
			files = (
			);
			inputFileListPaths = (
			);
			inputPaths = (
				"${PODS_PODFILE_DIR_PATH}/Podfile.lock",
				"${PODS_ROOT}/Manifest.lock",
			);
			name = "[CP] Check Pods Manifest.lock";
			outputFileListPaths = (
			);
			outputPaths = (
				"$(DERIVED_FILE_DIR)/Pods-GitHub_Learning-checkManifestLockResult.txt",
			);
			runOnlyForDeploymentPostprocessing = 0;
			shellPath = /bin/sh;
			shellScript = "diff \"${PODS_PODFILE_DIR_PATH}/Podfile.lock\" \"${PODS_ROOT}/Manifest.lock\" > /dev/null\nif [ $? != 0 ] ; then\n    # print error to STDERR\n    echo \"error: The sandbox is not in sync with the Podfile.lock. Run 'pod install' or update your CocoaPods installation.\" >&2\n    exit 1\nfi\n# This output is used by Xcode 'outputs' to avoid re-running this script phase.\necho \"SUCCESS\" > \"${SCRIPT_OUTPUT_FILE_0}\"\n";
			showEnvVarsInLog = 0;
		};
/* End PBXShellScriptBuildPhase section */

/* Begin PBXSourcesBuildPhase section */
		DA373825255567510003D164 /* Sources */ = {
			isa = PBXSourcesBuildPhase;
			buildActionMask = 2147483647;
			files = (
				DA9EFB5725617EEA007DF94E /* WireframeImpl.swift in Sources */,
				DA9EFB5525617DB4007DF94E /* Wireframe.swift in Sources */,
				DA9EFB5225617718007DF94E /* LoginController.swift in Sources */,
				DA9EFB702562BC61007DF94E /* LoginLayout.swift in Sources */,
				DA373831255567510003D164 /* OnboardingViewController.swift in Sources */,
				DA9EFB662562ACB7007DF94E /* LoginViewController.swift in Sources */,
				DA9EFB682562AED0007DF94E /* LoginAssembly.swift in Sources */,
				DA37382D255567510003D164 /* AppDelegate.swift in Sources */,
				DAB92920255AA95B00354C8F /* OnboardingCell.swift in Sources */,
				DA9EFB722563DA77007DF94E /* PersistancyController.swift in Sources */,
				DA9EFB6C2562B04E007DF94E /* LoginView.swift in Sources */,
				DAB929082559513A00354C8F /* OnboardingLayout.swift in Sources */,
				DA9EFB6A2562AFBA007DF94E /* LoginPresenter.swift in Sources */,
				DA9EFB772563DF7F007DF94E /* PersistancyAssembly.swift in Sources */,
				DA9EFB6E2562B6E6007DF94E /* UIWindow+topViewController.swift in Sources */,
				DAB928FB25559FDC00354C8F /* OnboardingPage.swift in Sources */,
				DAB929012555A87200354C8F /* ScopeSpec.swift in Sources */,
				DA37382F255567510003D164 /* SceneDelegate.swift in Sources */,
				DAB92931255ECF2400354C8F /* NavigationAssembly.swift in Sources */,
				DAB9292E255ECE7200354C8F /* LoginLauncherController.swift in Sources */,
				DAB92922255AC0C300354C8F /* OnboardingPageViewModel.swift in Sources */,
				DAB929032555A88500354C8F /* ScopeSpecProvider.swift in Sources */,
				DAB9290A25595B9D00354C8F /* OnboardingPresenter.swift in Sources */,
				DAB929062555AC4E00354C8F /* OnboardingAssembly.swift in Sources */,
				DAB928FD2555A13B00354C8F /* OnboardingController.swift in Sources */,
				DAB9290C25595C2000354C8F /* OnboardingView.swift in Sources */,
			);
			runOnlyForDeploymentPostprocessing = 0;
		};
		DAB9290D2559601100354C8F /* Sources */ = {
			isa = PBXSourcesBuildPhase;
			buildActionMask = 2147483647;
			files = (
				DAB9291C2559622600354C8F /* OnboardingControllerTests.swift in Sources */,
				DA9EFB5E2562884D007DF94E /* TestView.swift in Sources */,
				DA9EFB6225628869007DF94E /* TestController.swift in Sources */,
				DAB92935255ED23700354C8F /* OnboardingPresenterTests.swift in Sources */,
			);
			runOnlyForDeploymentPostprocessing = 0;
		};
/* End PBXSourcesBuildPhase section */

/* Begin PBXTargetDependency section */
		DAB929172559601100354C8F /* PBXTargetDependency */ = {
			isa = PBXTargetDependency;
			target = DA373828255567510003D164 /* GitHub_Learning */;
			targetProxy = DAB929162559601100354C8F /* PBXContainerItemProxy */;
		};
/* End PBXTargetDependency section */

/* Begin PBXVariantGroup section */
		DA373837255567570003D164 /* LaunchScreen.storyboard */ = {
			isa = PBXVariantGroup;
			children = (
				DA373838255567570003D164 /* Base */,
			);
			name = LaunchScreen.storyboard;
			sourceTree = "<group>";
		};
/* End PBXVariantGroup section */

/* Begin XCBuildConfiguration section */
		DA37383B255567570003D164 /* Debug */ = {
			isa = XCBuildConfiguration;
			buildSettings = {
				ALWAYS_SEARCH_USER_PATHS = NO;
				CLANG_ANALYZER_NONNULL = YES;
				CLANG_ANALYZER_NUMBER_OBJECT_CONVERSION = YES_AGGRESSIVE;
				CLANG_CXX_LANGUAGE_STANDARD = "gnu++14";
				CLANG_CXX_LIBRARY = "libc++";
				CLANG_ENABLE_MODULES = YES;
				CLANG_ENABLE_OBJC_ARC = YES;
				CLANG_ENABLE_OBJC_WEAK = YES;
				CLANG_WARN_BLOCK_CAPTURE_AUTORELEASING = YES;
				CLANG_WARN_BOOL_CONVERSION = YES;
				CLANG_WARN_COMMA = YES;
				CLANG_WARN_CONSTANT_CONVERSION = YES;
				CLANG_WARN_DEPRECATED_OBJC_IMPLEMENTATIONS = YES;
				CLANG_WARN_DIRECT_OBJC_ISA_USAGE = YES_ERROR;
				CLANG_WARN_DOCUMENTATION_COMMENTS = YES;
				CLANG_WARN_EMPTY_BODY = YES;
				CLANG_WARN_ENUM_CONVERSION = YES;
				CLANG_WARN_INFINITE_RECURSION = YES;
				CLANG_WARN_INT_CONVERSION = YES;
				CLANG_WARN_NON_LITERAL_NULL_CONVERSION = YES;
				CLANG_WARN_OBJC_IMPLICIT_RETAIN_SELF = YES;
				CLANG_WARN_OBJC_LITERAL_CONVERSION = YES;
				CLANG_WARN_OBJC_ROOT_CLASS = YES_ERROR;
				CLANG_WARN_RANGE_LOOP_ANALYSIS = YES;
				CLANG_WARN_STRICT_PROTOTYPES = YES;
				CLANG_WARN_SUSPICIOUS_MOVE = YES;
				CLANG_WARN_UNGUARDED_AVAILABILITY = YES_AGGRESSIVE;
				CLANG_WARN_UNREACHABLE_CODE = YES;
				CLANG_WARN__DUPLICATE_METHOD_MATCH = YES;
				COPY_PHASE_STRIP = NO;
				DEBUG_INFORMATION_FORMAT = dwarf;
				ENABLE_STRICT_OBJC_MSGSEND = YES;
				ENABLE_TESTABILITY = YES;
				GCC_C_LANGUAGE_STANDARD = gnu11;
				GCC_DYNAMIC_NO_PIC = NO;
				GCC_NO_COMMON_BLOCKS = YES;
				GCC_OPTIMIZATION_LEVEL = 0;
				GCC_PREPROCESSOR_DEFINITIONS = (
					"DEBUG=1",
					"$(inherited)",
				);
				GCC_WARN_64_TO_32_BIT_CONVERSION = YES;
				GCC_WARN_ABOUT_RETURN_TYPE = YES_ERROR;
				GCC_WARN_UNDECLARED_SELECTOR = YES;
				GCC_WARN_UNINITIALIZED_AUTOS = YES_AGGRESSIVE;
				GCC_WARN_UNUSED_FUNCTION = YES;
				GCC_WARN_UNUSED_VARIABLE = YES;
				IPHONEOS_DEPLOYMENT_TARGET = 13.7;
				MTL_ENABLE_DEBUG_INFO = INCLUDE_SOURCE;
				MTL_FAST_MATH = YES;
				ONLY_ACTIVE_ARCH = YES;
				SDKROOT = iphoneos;
				SWIFT_ACTIVE_COMPILATION_CONDITIONS = DEBUG;
				SWIFT_OPTIMIZATION_LEVEL = "-Onone";
			};
			name = Debug;
		};
		DA37383C255567570003D164 /* Release */ = {
			isa = XCBuildConfiguration;
			buildSettings = {
				ALWAYS_SEARCH_USER_PATHS = NO;
				CLANG_ANALYZER_NONNULL = YES;
				CLANG_ANALYZER_NUMBER_OBJECT_CONVERSION = YES_AGGRESSIVE;
				CLANG_CXX_LANGUAGE_STANDARD = "gnu++14";
				CLANG_CXX_LIBRARY = "libc++";
				CLANG_ENABLE_MODULES = YES;
				CLANG_ENABLE_OBJC_ARC = YES;
				CLANG_ENABLE_OBJC_WEAK = YES;
				CLANG_WARN_BLOCK_CAPTURE_AUTORELEASING = YES;
				CLANG_WARN_BOOL_CONVERSION = YES;
				CLANG_WARN_COMMA = YES;
				CLANG_WARN_CONSTANT_CONVERSION = YES;
				CLANG_WARN_DEPRECATED_OBJC_IMPLEMENTATIONS = YES;
				CLANG_WARN_DIRECT_OBJC_ISA_USAGE = YES_ERROR;
				CLANG_WARN_DOCUMENTATION_COMMENTS = YES;
				CLANG_WARN_EMPTY_BODY = YES;
				CLANG_WARN_ENUM_CONVERSION = YES;
				CLANG_WARN_INFINITE_RECURSION = YES;
				CLANG_WARN_INT_CONVERSION = YES;
				CLANG_WARN_NON_LITERAL_NULL_CONVERSION = YES;
				CLANG_WARN_OBJC_IMPLICIT_RETAIN_SELF = YES;
				CLANG_WARN_OBJC_LITERAL_CONVERSION = YES;
				CLANG_WARN_OBJC_ROOT_CLASS = YES_ERROR;
				CLANG_WARN_RANGE_LOOP_ANALYSIS = YES;
				CLANG_WARN_STRICT_PROTOTYPES = YES;
				CLANG_WARN_SUSPICIOUS_MOVE = YES;
				CLANG_WARN_UNGUARDED_AVAILABILITY = YES_AGGRESSIVE;
				CLANG_WARN_UNREACHABLE_CODE = YES;
				CLANG_WARN__DUPLICATE_METHOD_MATCH = YES;
				COPY_PHASE_STRIP = NO;
				DEBUG_INFORMATION_FORMAT = "dwarf-with-dsym";
				ENABLE_NS_ASSERTIONS = NO;
				ENABLE_STRICT_OBJC_MSGSEND = YES;
				GCC_C_LANGUAGE_STANDARD = gnu11;
				GCC_NO_COMMON_BLOCKS = YES;
				GCC_WARN_64_TO_32_BIT_CONVERSION = YES;
				GCC_WARN_ABOUT_RETURN_TYPE = YES_ERROR;
				GCC_WARN_UNDECLARED_SELECTOR = YES;
				GCC_WARN_UNINITIALIZED_AUTOS = YES_AGGRESSIVE;
				GCC_WARN_UNUSED_FUNCTION = YES;
				GCC_WARN_UNUSED_VARIABLE = YES;
				IPHONEOS_DEPLOYMENT_TARGET = 13.7;
				MTL_ENABLE_DEBUG_INFO = NO;
				MTL_FAST_MATH = YES;
				SDKROOT = iphoneos;
				SWIFT_COMPILATION_MODE = wholemodule;
				SWIFT_OPTIMIZATION_LEVEL = "-O";
				VALIDATE_PRODUCT = YES;
			};
			name = Release;
		};
		DA37383E255567570003D164 /* Debug */ = {
			isa = XCBuildConfiguration;
			baseConfigurationReference = 43EE5DE395A94177439DAD19 /* Pods-GitHub_Learning.debug.xcconfig */;
			buildSettings = {
				ASSETCATALOG_COMPILER_APPICON_NAME = AppIcon;
				CODE_SIGN_STYLE = Automatic;
				DEVELOPMENT_TEAM = 95CG933A63;
				INFOPLIST_FILE = GitHub_Learning/Info.plist;
				LD_RUNPATH_SEARCH_PATHS = (
					"$(inherited)",
					"@executable_path/Frameworks",
				);
				PRODUCT_BUNDLE_IDENTIFIER = "com.aminovaprvniappka.GitHub-Learning";
				PRODUCT_NAME = "$(TARGET_NAME)";
				SWIFT_VERSION = 5.0;
				TARGETED_DEVICE_FAMILY = "1,2";
			};
			name = Debug;
		};
		DA37383F255567570003D164 /* Release */ = {
			isa = XCBuildConfiguration;
			baseConfigurationReference = 92DFE6761B10F7EC28331518 /* Pods-GitHub_Learning.release.xcconfig */;
			buildSettings = {
				ASSETCATALOG_COMPILER_APPICON_NAME = AppIcon;
				CODE_SIGN_STYLE = Automatic;
				DEVELOPMENT_TEAM = 95CG933A63;
				INFOPLIST_FILE = GitHub_Learning/Info.plist;
				LD_RUNPATH_SEARCH_PATHS = (
					"$(inherited)",
					"@executable_path/Frameworks",
				);
				PRODUCT_BUNDLE_IDENTIFIER = "com.aminovaprvniappka.GitHub-Learning";
				PRODUCT_NAME = "$(TARGET_NAME)";
				SWIFT_VERSION = 5.0;
				TARGETED_DEVICE_FAMILY = "1,2";
			};
			name = Release;
		};
		DAB929182559601100354C8F /* Debug */ = {
			isa = XCBuildConfiguration;
			baseConfigurationReference = C76EEE5050A97A4B52CEC482 /* Pods-GitHub_LearningTests.debug.xcconfig */;
			buildSettings = {
				BUNDLE_LOADER = "$(TEST_HOST)";
				CODE_SIGN_STYLE = Automatic;
				DEVELOPMENT_TEAM = 95CG933A63;
				INFOPLIST_FILE = GitHub_LearningTests/Info.plist;
				LD_RUNPATH_SEARCH_PATHS = (
					"$(inherited)",
					"@executable_path/Frameworks",
					"@loader_path/Frameworks",
				);
				PRODUCT_BUNDLE_IDENTIFIER = "com.aminovaprvniappka.GitHub-LearningTests";
				PRODUCT_NAME = "$(TARGET_NAME)";
				SWIFT_VERSION = 5.0;
				TARGETED_DEVICE_FAMILY = "1,2";
				TEST_HOST = "$(BUILT_PRODUCTS_DIR)/GitHub_Learning.app/GitHub_Learning";
			};
			name = Debug;
		};
		DAB929192559601100354C8F /* Release */ = {
			isa = XCBuildConfiguration;
			baseConfigurationReference = 1D6DDAA3F874A1328B663B91 /* Pods-GitHub_LearningTests.release.xcconfig */;
			buildSettings = {
				BUNDLE_LOADER = "$(TEST_HOST)";
				CODE_SIGN_STYLE = Automatic;
				DEVELOPMENT_TEAM = 95CG933A63;
				INFOPLIST_FILE = GitHub_LearningTests/Info.plist;
				LD_RUNPATH_SEARCH_PATHS = (
					"$(inherited)",
					"@executable_path/Frameworks",
					"@loader_path/Frameworks",
				);
				PRODUCT_BUNDLE_IDENTIFIER = "com.aminovaprvniappka.GitHub-LearningTests";
				PRODUCT_NAME = "$(TARGET_NAME)";
				SWIFT_VERSION = 5.0;
				TARGETED_DEVICE_FAMILY = "1,2";
				TEST_HOST = "$(BUILT_PRODUCTS_DIR)/GitHub_Learning.app/GitHub_Learning";
			};
			name = Release;
		};
/* End XCBuildConfiguration section */

/* Begin XCConfigurationList section */
		DA373824255567510003D164 /* Build configuration list for PBXProject "GitHub_Learning" */ = {
			isa = XCConfigurationList;
			buildConfigurations = (
				DA37383B255567570003D164 /* Debug */,
				DA37383C255567570003D164 /* Release */,
			);
			defaultConfigurationIsVisible = 0;
			defaultConfigurationName = Release;
		};
		DA37383D255567570003D164 /* Build configuration list for PBXNativeTarget "GitHub_Learning" */ = {
			isa = XCConfigurationList;
			buildConfigurations = (
				DA37383E255567570003D164 /* Debug */,
				DA37383F255567570003D164 /* Release */,
			);
			defaultConfigurationIsVisible = 0;
			defaultConfigurationName = Release;
		};
		DAB9291A2559601100354C8F /* Build configuration list for PBXNativeTarget "GitHub_LearningTests" */ = {
			isa = XCConfigurationList;
			buildConfigurations = (
				DAB929182559601100354C8F /* Debug */,
				DAB929192559601100354C8F /* Release */,
			);
			defaultConfigurationIsVisible = 0;
			defaultConfigurationName = Release;
		};
/* End XCConfigurationList section */
	};
	rootObject = DA373821255567510003D164 /* Project object */;
}
